<?xml version="1.0" encoding="utf-8"?>
<Project ToolsVersion="4.0" xmlns="http://schemas.microsoft.com/developer/msbuild/2003">
  <ItemGroup>
    <ClCompile Include="..\common\EffekseerPluginCommon.cpp">
      <Filter>common</Filter>
    </ClCompile>
    <ClCompile Include="EffekseerPluginWin.cpp">
      <Filter>windows</Filter>
    </ClCompile>
    <ClCompile Include="EffekseerPluginLoaderWin.cpp">
      <Filter>windows</Filter>
    </ClCompile>
    <ClCompile Include="..\common\EffekseerPluginSound.cpp">
      <Filter>common</Filter>
    </ClCompile>
    <ClCompile Include="..\common\EffekseerPluginModel.cpp">
      <Filter>common</Filter>
    </ClCompile>
    <ClCompile Include="..\opengl\EffekseerPluginLoaderGL.cpp">
      <Filter>opengl</Filter>
    </ClCompile>
    <ClCompile Include="..\opengl\EffekseerPluginGL.cpp">
      <Filter>opengl</Filter>
    </ClCompile>
  </ItemGroup>
  <ItemGroup>
    <Filter Include="common">
      <UniqueIdentifier>{abadf776-f0f6-47a9-9c92-bbee07c4ffce}</UniqueIdentifier>
    </Filter>
    <Filter Include="windows">
      <UniqueIdentifier>{b9878b58-31ae-47b0-a182-5ee813e5e702}</UniqueIdentifier>
    </Filter>
    <Filter Include="opengl">
      <UniqueIdentifier>{b1942cf8-d895-48b7-8ab9-e05dfd8f39f8}</UniqueIdentifier>
    </Filter>
  </ItemGroup>
  <ItemGroup>
    <ClInclude Include="..\common\UnityPluginInterface.h">
      <Filter>common</Filter>
    </ClInclude>
    <ClInclude Include="..\common\EffekseerPluginCommon.h">
      <Filter>common</Filter>
    </ClInclude>
    <ClInclude Include="..\common\EffekseerPluginSound.h">
      <Filter>common</Filter>
    </ClInclude>
    <ClInclude Include="..\common\EffekseerPluginModel.h">
      <Filter>common</Filter>
    </ClInclude>
    <ClInclude Include="..\common\EffekseerPluginTexture.h">
      <Filter>common</Filter>
    </ClInclude>
    <ClInclude Include="..\opengl\EffekseerPluginLoaderGL.h">
      <Filter>opengl</Filter>
    </ClInclude>
    <ClInclude Include="..\opengl\EffekseerPluginGL.h">
      <Filter>opengl</Filter>
    </ClInclude>
  </ItemGroup>
</Project>