<?xml version="1.0" encoding="utf-8"?>
<Project ToolsVersion="4.0" xmlns="http://schemas.microsoft.com/developer/msbuild/2003">
  <ItemGroup>
    <Filter Include="EffekseerRenderer">
      <UniqueIdentifier>{43ddea41-d59a-46da-8052-75fafb38ca6f}</UniqueIdentifier>
    </Filter>
    <Filter Include="EffekseerRendererCommon">
      <UniqueIdentifier>{78d0391b-4390-43ef-b616-5dde6c474cd3}</UniqueIdentifier>
    </Filter>
    <Filter Include="EffekseerRendererLLGI">
      <UniqueIdentifier>{cdb45416-b697-41e2-9b5f-ec2ae41b20ad}</UniqueIdentifier>
    </Filter>
    <Filter Include="LLGI">
      <UniqueIdentifier>{1bcb2da9-60b1-4c38-be28-cb8114230e32}</UniqueIdentifier>
    </Filter>
    <Filter Include="LLGI\DX12">
      <UniqueIdentifier>{87840094-dd6e-4884-b56a-c94b2368b720}</UniqueIdentifier>
    </Filter>
    <Filter Include="LLGI\Win">
      <UniqueIdentifier>{9e4eaf3c-246a-4cde-9335-c54291ae9633}</UniqueIdentifier>
    </Filter>
  </ItemGroup>
  <ItemGroup>
    <ClInclude Include="..\EffekseerRendererCommon\EffekseerRenderer.IndexBufferBase.h">
      <Filter>EffekseerRendererCommon</Filter>
    </ClInclude>
    <ClInclude Include="..\EffekseerRendererCommon\EffekseerRenderer.VertexBufferBase.h">
      <Filter>EffekseerRendererCommon</Filter>
    </ClInclude>
    <ClInclude Include="..\EffekseerRendererCommon\EffekseerRenderer.RibbonRendererBase.h">
      <Filter>EffekseerRendererCommon</Filter>
    </ClInclude>
    <ClInclude Include="..\EffekseerRendererCommon\EffekseerRenderer.TrackRendererBase.h">
      <Filter>EffekseerRendererCommon</Filter>
    </ClInclude>
    <ClInclude Include="..\EffekseerRendererCommon\EffekseerRenderer.RenderStateBase.h">
      <Filter>EffekseerRendererCommon</Filter>
    </ClInclude>
    <ClInclude Include="..\EffekseerRendererCommon\EffekseerRenderer.ModelRendererBase.h">
      <Filter>EffekseerRendererCommon</Filter>
    </ClInclude>
    <ClInclude Include="..\EffekseerRendererCommon\EffekseerRenderer.SpriteRendererBase.h">
      <Filter>EffekseerRendererCommon</Filter>
    </ClInclude>
    <ClInclude Include="..\EffekseerRendererCommon\EffekseerRenderer.RingRendererBase.h">
      <Filter>EffekseerRendererCommon</Filter>
    </ClInclude>
    <ClInclude Include="..\EffekseerRendererCommon\EffekseerRenderer.Renderer.h">
      <Filter>EffekseerRendererCommon</Filter>
    </ClInclude>
    <ClInclude Include="..\EffekseerRendererCommon\EffekseerRenderer.DXTK.dds.h">
      <Filter>EffekseerRendererCommon</Filter>
    </ClInclude>
    <ClInclude Include="..\EffekseerRendererCommon\EffekseerRenderer.DXTK.DDSTextureLoader.h">
      <Filter>EffekseerRendererCommon</Filter>
    </ClInclude>
    <ClInclude Include="..\EffekseerRendererCommon\EffekseerRenderer.PngTextureLoader.h">
      <Filter>EffekseerRendererCommon</Filter>
    </ClInclude>
    <ClInclude Include="..\EffekseerRendererCommon\EffekseerRenderer.StandardRenderer.h">
      <Filter>EffekseerRendererCommon</Filter>
    </ClInclude>
    <ClInclude Include="..\EffekseerRendererLLGI\EffekseerRendererLLGI.Base.h">
      <Filter>EffekseerRendererLLGI</Filter>
    </ClInclude>
    <ClInclude Include="..\EffekseerRendererLLGI\EffekseerRendererLLGI.Base.Pre.h">
      <Filter>EffekseerRendererLLGI</Filter>
    </ClInclude>
    <ClInclude Include="..\EffekseerRendererLLGI\EffekseerRendererLLGI.DeviceObject.h">
      <Filter>EffekseerRendererLLGI</Filter>
    </ClInclude>
    <ClInclude Include="..\EffekseerRendererLLGI\EffekseerRendererLLGI.IndexBuffer.h">
      <Filter>EffekseerRendererLLGI</Filter>
    </ClInclude>
    <ClInclude Include="..\EffekseerRendererLLGI\EffekseerRendererLLGI.ModelLoader.h">
      <Filter>EffekseerRendererLLGI</Filter>
    </ClInclude>
    <ClInclude Include="..\EffekseerRendererLLGI\EffekseerRendererLLGI.ModelRenderer.h">
      <Filter>EffekseerRendererLLGI</Filter>
    </ClInclude>
    <ClInclude Include="..\EffekseerRendererLLGI\EffekseerRendererLLGI.Renderer.h">
      <Filter>EffekseerRendererLLGI</Filter>
    </ClInclude>
    <ClInclude Include="..\EffekseerRendererLLGI\EffekseerRendererLLGI.RendererImplemented.h">
      <Filter>EffekseerRendererLLGI</Filter>
    </ClInclude>
    <ClInclude Include="..\EffekseerRendererLLGI\EffekseerRendererLLGI.RenderState.h">
      <Filter>EffekseerRendererLLGI</Filter>
    </ClInclude>
    <ClInclude Include="..\EffekseerRendererLLGI\EffekseerRendererLLGI.Shader.h">
      <Filter>EffekseerRendererLLGI</Filter>
    </ClInclude>
    <ClInclude Include="..\EffekseerRendererLLGI\EffekseerRendererLLGI.TextureLoader.h">
      <Filter>EffekseerRendererLLGI</Filter>
    </ClInclude>
    <ClInclude Include="..\EffekseerRendererLLGI\EffekseerRendererLLGI.VertexBuffer.h">
      <Filter>EffekseerRendererLLGI</Filter>
    </ClInclude>
    <ClInclude Include="EffekseerRenderer\EffekseerRendererDX12.Base.h">
      <Filter>EffekseerRenderer</Filter>
    </ClInclude>
    <ClInclude Include="EffekseerRenderer\EffekseerRendererDX12.Base.Pre.h">
      <Filter>EffekseerRenderer</Filter>
    </ClInclude>
    <ClInclude Include="EffekseerRenderer\EffekseerRendererDX12.Renderer.h">
      <Filter>EffekseerRenderer</Filter>
    </ClInclude>
    <ClInclude Include="EffekseerRenderer\EffekseerRendererDX12.RendererImplemented.h">
      <Filter>EffekseerRenderer</Filter>
    </ClInclude>
    <ClInclude Include="..\3rdParty\LLGI\src\LLGI.CommandList.h">
      <Filter>LLGI</Filter>
    </ClInclude>
    <ClInclude Include="..\3rdParty\LLGI\src\LLGI.Compiler.h">
      <Filter>LLGI</Filter>
    </ClInclude>
    <ClInclude Include="..\3rdParty\LLGI\src\LLGI.ConstantBuffer.h">
      <Filter>LLGI</Filter>
    </ClInclude>
    <ClInclude Include="..\3rdParty\LLGI\src\LLGI.Graphics.h">
      <Filter>LLGI</Filter>
    </ClInclude>
    <ClInclude Include="..\3rdParty\LLGI\src\LLGI.IndexBuffer.h">
      <Filter>LLGI</Filter>
    </ClInclude>
    <ClInclude Include="..\3rdParty\LLGI\src\LLGI.PipelineState.h">
      <Filter>LLGI</Filter>
    </ClInclude>
    <ClInclude Include="..\3rdParty\LLGI\src\LLGI.Platform.h">
      <Filter>LLGI</Filter>
    </ClInclude>
    <ClInclude Include="..\3rdParty\LLGI\src\LLGI.Shader.h">
      <Filter>LLGI</Filter>
    </ClInclude>
    <ClInclude Include="..\3rdParty\LLGI\src\LLGI.Texture.h">
      <Filter>LLGI</Filter>
    </ClInclude>
    <ClInclude Include="..\3rdParty\LLGI\src\LLGI.VertexBuffer.h">
      <Filter>LLGI</Filter>
    </ClInclude>
    <ClInclude Include="..\3rdParty\LLGI\src\LLGI.Base.h">
      <Filter>LLGI</Filter>
    </ClInclude>
    <ClInclude Include="..\3rdParty\LLGI\src\DX12\LLGI.BaseDX12.h">
      <Filter>LLGI\DX12</Filter>
    </ClInclude>
    <ClInclude Include="..\3rdParty\LLGI\src\DX12\LLGI.CommandListDX12.h">
      <Filter>LLGI\DX12</Filter>
    </ClInclude>
    <ClInclude Include="..\3rdParty\LLGI\src\DX12\LLGI.CompilerDX12.h">
      <Filter>LLGI\DX12</Filter>
    </ClInclude>
    <ClInclude Include="..\3rdParty\LLGI\src\DX12\LLGI.ConstantBufferDX12.h">
      <Filter>LLGI\DX12</Filter>
    </ClInclude>
    <ClInclude Include="..\3rdParty\LLGI\src\DX12\LLGI.DescriptorHeapDX12.h">
      <Filter>LLGI\DX12</Filter>
    </ClInclude>
    <ClInclude Include="..\3rdParty\LLGI\src\DX12\LLGI.GraphicsDX12.h">
      <Filter>LLGI\DX12</Filter>
    </ClInclude>
    <ClInclude Include="..\3rdParty\LLGI\src\DX12\LLGI.IndexBufferDX12.h">
      <Filter>LLGI\DX12</Filter>
    </ClInclude>
    <ClInclude Include="..\3rdParty\LLGI\src\DX12\LLGI.PipelineStateDX12.h">
      <Filter>LLGI\DX12</Filter>
    </ClInclude>
    <ClInclude Include="..\3rdParty\LLGI\src\DX12\LLGI.PlatformDX12.h">
      <Filter>LLGI\DX12</Filter>
    </ClInclude>
    <ClInclude Include="..\3rdParty\LLGI\src\DX12\LLGI.RenderPassDX12.h">
      <Filter>LLGI\DX12</Filter>
    </ClInclude>
    <ClInclude Include="..\3rdParty\LLGI\src\DX12\LLGI.RenderPassPipelineStateDX12.h">
      <Filter>LLGI\DX12</Filter>
    </ClInclude>
    <ClInclude Include="..\3rdParty\LLGI\src\DX12\LLGI.ShaderDX12.h">
      <Filter>LLGI\DX12</Filter>
    </ClInclude>
    <ClInclude Include="..\3rdParty\LLGI\src\DX12\LLGI.TextureDX12.h">
      <Filter>LLGI\DX12</Filter>
    </ClInclude>
    <ClInclude Include="..\3rdParty\LLGI\src\DX12\LLGI.VertexBufferDX12.h">
      <Filter>LLGI\DX12</Filter>
    </ClInclude>
    <ClInclude Include="..\3rdParty\LLGI\src\Win\LLGI.WindowWin.h">
      <Filter>LLGI\Win</Filter>
    </ClInclude>
    <ClInclude Include="..\3rdParty\LLGI\src\DX12\LLGI.SingleFrameMemoryPoolDX12.h">
      <Filter>LLGI\DX12</Filter>
    </ClInclude>
  </ItemGroup>
  <ItemGroup>
    <ClCompile Include="..\EffekseerRendererCommon\EffekseerRenderer.VertexBufferBase.cpp">
      <Filter>EffekseerRendererCommon</Filter>
    </ClCompile>
    <ClCompile Include="..\EffekseerRendererCommon\EffekseerRenderer.IndexBufferBase.cpp">
      <Filter>EffekseerRendererCommon</Filter>
    </ClCompile>
    <ClCompile Include="..\EffekseerRendererCommon\EffekseerRenderer.RibbonRendererBase.cpp">
      <Filter>EffekseerRendererCommon</Filter>
    </ClCompile>
    <ClCompile Include="..\EffekseerRendererCommon\EffekseerRenderer.TrackRendererBase.cpp">
      <Filter>EffekseerRendererCommon</Filter>
    </ClCompile>
    <ClCompile Include="..\EffekseerRendererCommon\EffekseerRenderer.RenderStateBase.cpp">
      <Filter>EffekseerRendererCommon</Filter>
    </ClCompile>
    <ClCompile Include="..\EffekseerRendererCommon\EffekseerRenderer.ModelRendererBase.cpp">
      <Filter>EffekseerRendererCommon</Filter>
    </ClCompile>
    <ClCompile Include="..\EffekseerRendererCommon\EffekseerRenderer.SpriteRendererBase.cpp">
      <Filter>EffekseerRendererCommon</Filter>
    </ClCompile>
    <ClCompile Include="..\EffekseerRendererCommon\EffekseerRenderer.RingRendererBase.cpp">
      <Filter>EffekseerRendererCommon</Filter>
    </ClCompile>
    <ClCompile Include="..\EffekseerRendererCommon\EffekseerRenderer.Renderer.cpp">
      <Filter>EffekseerRendererCommon</Filter>
    </ClCompile>
    <ClCompile Include="..\EffekseerRendererCommon\EffekseerRenderer.DXTK.DDSTextureLoader.cpp">
      <Filter>EffekseerRendererCommon</Filter>
    </ClCompile>
    <ClCompile Include="..\EffekseerRendererCommon\EffekseerRenderer.PngTextureLoader.cpp">
      <Filter>EffekseerRendererCommon</Filter>
    </ClCompile>
    <ClCompile Include="..\EffekseerRendererLLGI\EffekseerRendererLLGI.DeviceObject.cpp">
      <Filter>EffekseerRendererLLGI</Filter>
    </ClCompile>
    <ClCompile Include="..\EffekseerRendererLLGI\EffekseerRendererLLGI.IndexBuffer.cpp">
      <Filter>EffekseerRendererLLGI</Filter>
    </ClCompile>
    <ClCompile Include="..\EffekseerRendererLLGI\EffekseerRendererLLGI.ModelLoader.cpp">
      <Filter>EffekseerRendererLLGI</Filter>
    </ClCompile>
    <ClCompile Include="..\EffekseerRendererLLGI\EffekseerRendererLLGI.ModelRenderer.cpp">
      <Filter>EffekseerRendererLLGI</Filter>
    </ClCompile>
    <ClCompile Include="..\EffekseerRendererLLGI\EffekseerRendererLLGI.Renderer.cpp">
      <Filter>EffekseerRendererLLGI</Filter>
    </ClCompile>
    <ClCompile Include="..\EffekseerRendererLLGI\EffekseerRendererLLGI.RenderState.cpp">
      <Filter>EffekseerRendererLLGI</Filter>
    </ClCompile>
    <ClCompile Include="..\EffekseerRendererLLGI\EffekseerRendererLLGI.Shader.cpp">
      <Filter>EffekseerRendererLLGI</Filter>
    </ClCompile>
    <ClCompile Include="..\EffekseerRendererLLGI\EffekseerRendererLLGI.TextureLoader.cpp">
      <Filter>EffekseerRendererLLGI</Filter>
    </ClCompile>
    <ClCompile Include="..\EffekseerRendererLLGI\EffekseerRendererLLGI.VertexBuffer.cpp">
      <Filter>EffekseerRendererLLGI</Filter>
    </ClCompile>
    <ClCompile Include="EffekseerRenderer\EffekseerRendererDX12.Renderer.cpp">
      <Filter>EffekseerRenderer</Filter>
    </ClCompile>
    <ClCompile Include="..\3rdParty\LLGI\src\LLGI.CommandList.cpp">
      <Filter>LLGI</Filter>
    </ClCompile>
    <ClCompile Include="..\3rdParty\LLGI\src\LLGI.Compiler.cpp">
      <Filter>LLGI</Filter>
    </ClCompile>
    <ClCompile Include="..\3rdParty\LLGI\src\LLGI.ConstantBuffer.cpp">
      <Filter>LLGI</Filter>
    </ClCompile>
    <ClCompile Include="..\3rdParty\LLGI\src\LLGI.Graphics.cpp">
      <Filter>LLGI</Filter>
    </ClCompile>
    <ClCompile Include="..\3rdParty\LLGI\src\LLGI.IndexBuffer.cpp">
      <Filter>LLGI</Filter>
    </ClCompile>
    <ClCompile Include="..\3rdParty\LLGI\src\LLGI.PipelineState.cpp">
      <Filter>LLGI</Filter>
    </ClCompile>
    <ClCompile Include="..\3rdParty\LLGI\src\LLGI.Platform.cpp">
      <Filter>LLGI</Filter>
    </ClCompile>
    <ClCompile Include="..\3rdParty\LLGI\src\LLGI.Shader.cpp">
      <Filter>LLGI</Filter>
    </ClCompile>
    <ClCompile Include="..\3rdParty\LLGI\src\LLGI.Texture.cpp">
      <Filter>LLGI</Filter>
    </ClCompile>
    <ClCompile Include="..\3rdParty\LLGI\src\LLGI.VertexBuffer.cpp">
      <Filter>LLGI</Filter>
    </ClCompile>
    <ClCompile Include="..\3rdParty\LLGI\src\DX12\LLGI.CommandListDX12.cpp">
      <Filter>LLGI\DX12</Filter>
    </ClCompile>
    <ClCompile Include="..\3rdParty\LLGI\src\DX12\LLGI.CompilerDX12.cpp">
      <Filter>LLGI\DX12</Filter>
    </ClCompile>
    <ClCompile Include="..\3rdParty\LLGI\src\DX12\LLGI.ConstantBufferDX12.cpp">
      <Filter>LLGI\DX12</Filter>
    </ClCompile>
    <ClCompile Include="..\3rdParty\LLGI\src\DX12\LLGI.DescriptorHeapDX12.cpp">
      <Filter>LLGI\DX12</Filter>
    </ClCompile>
    <ClCompile Include="..\3rdParty\LLGI\src\DX12\LLGI.GraphicsDX12.cpp">
      <Filter>LLGI\DX12</Filter>
    </ClCompile>
    <ClCompile Include="..\3rdParty\LLGI\src\DX12\LLGI.IndexBufferDX12.cpp">
      <Filter>LLGI\DX12</Filter>
    </ClCompile>
    <ClCompile Include="..\3rdParty\LLGI\src\DX12\LLGI.PipelineStateDX12.cpp">
      <Filter>LLGI\DX12</Filter>
    </ClCompile>
    <ClCompile Include="..\3rdParty\LLGI\src\DX12\LLGI.PlatformDX12.cpp">
      <Filter>LLGI\DX12</Filter>
    </ClCompile>
    <ClCompile Include="..\3rdParty\LLGI\src\DX12\LLGI.RenderPassDX12.cpp">
      <Filter>LLGI\DX12</Filter>
    </ClCompile>
    <ClCompile Include="..\3rdParty\LLGI\src\DX12\LLGI.RenderPassPipelineStateDX12.cpp">
      <Filter>LLGI\DX12</Filter>
    </ClCompile>
    <ClCompile Include="..\3rdParty\LLGI\src\DX12\LLGI.ShaderDX12.cpp">
      <Filter>LLGI\DX12</Filter>
    </ClCompile>
    <ClCompile Include="..\3rdParty\LLGI\src\DX12\LLGI.TextureDX12.cpp">
      <Filter>LLGI\DX12</Filter>
    </ClCompile>
    <ClCompile Include="..\3rdParty\LLGI\src\DX12\LLGI.VertexBufferDX12.cpp">
      <Filter>LLGI\DX12</Filter>
    </ClCompile>
    <ClCompile Include="..\3rdParty\LLGI\src\Win\LLGI.WindowWin.cpp">
      <Filter>LLGI\Win</Filter>
    </ClCompile>
    <ClCompile Include="..\3rdParty\LLGI\src\DX12\LLGI.SingleFrameMemoryPoolDX12.cpp">
      <Filter>LLGI\DX12</Filter>
    </ClCompile>
  </ItemGroup>
</Project>