<?xml version="1.0" encoding="utf-8"?>
<Project ToolsVersion="4.0" xmlns="http://schemas.microsoft.com/developer/msbuild/2003">
  <ItemGroup>
    <Filter Include="EffekseerRenderer">
      <UniqueIdentifier>{cfd73d51-7d49-48d1-adb1-0ec431070f98}</UniqueIdentifier>
    </Filter>
    <Filter Include="EffekseerRendererCommon">
      <UniqueIdentifier>{da5d8d24-91e6-467d-a3bb-eca0c4360854}</UniqueIdentifier>
    </Filter>
  </ItemGroup>
  <ItemGroup>
    <ClInclude Include="EffekseerRenderer\EffekseerRenderer.Base.h">
      <Filter>EffekseerRenderer</Filter>
    </ClInclude>
    <ClInclude Include="EffekseerRenderer\EffekseerRenderer.Base.Pre.h">
      <Filter>EffekseerRenderer</Filter>
    </ClInclude>
    <ClInclude Include="EffekseerRenderer\EffekseerRenderer.DeviceObject.h">
      <Filter>EffekseerRenderer</Filter>
    </ClInclude>
    <ClInclude Include="EffekseerRenderer\EffekseerRenderer.IndexBuffer.h">
      <Filter>EffekseerRenderer</Filter>
    </ClInclude>
    <ClInclude Include="EffekseerRenderer\EffekseerRenderer.Renderer.h">
      <Filter>EffekseerRenderer</Filter>
    </ClInclude>
    <ClInclude Include="EffekseerRenderer\EffekseerRenderer.RibbonRenderer.h">
      <Filter>EffekseerRenderer</Filter>
    </ClInclude>
    <ClInclude Include="EffekseerRenderer\EffekseerRenderer.Shader.h">
      <Filter>EffekseerRenderer</Filter>
    </ClInclude>
    <ClInclude Include="EffekseerRenderer\EffekseerRenderer.SpriteRenderer.h">
      <Filter>EffekseerRenderer</Filter>
    </ClInclude>
    <ClInclude Include="EffekseerRenderer\EffekseerRenderer.VertexBuffer.h">
      <Filter>EffekseerRenderer</Filter>
    </ClInclude>
    <ClInclude Include="EffekseerRenderer\EffekseerRenderer.RendererImplemented.h">
      <Filter>EffekseerRenderer</Filter>
    </ClInclude>
    <ClInclude Include="EffekseerRendererGL.h" />
    <ClInclude Include="..\EffekseerRendererCommon\EffekseerRenderer.VertexBufferBase.h">
      <Filter>EffekseerRendererCommon</Filter>
    </ClInclude>
    <ClInclude Include="..\EffekseerRendererCommon\EffekseerRenderer.IndexBufferBase.h">
      <Filter>EffekseerRendererCommon</Filter>
    </ClInclude>
    <ClInclude Include="EffekseerRenderer\EffekseerRenderer.RingRenderer.h">
      <Filter>EffekseerRenderer</Filter>
    </ClInclude>
    <ClInclude Include="EffekseerRenderer\EffekseerRenderer.TextureLoader.h">
      <Filter>EffekseerRenderer</Filter>
    </ClInclude>
    <ClInclude Include="EffekseerRenderer\EffekseerRenderer.ModelLoader.h">
      <Filter>EffekseerRenderer</Filter>
    </ClInclude>
    <ClInclude Include="EffekseerRenderer\EffekseerRenderer.ModelRenderer.h">
      <Filter>EffekseerRenderer</Filter>
    </ClInclude>
    <ClInclude Include="..\EffekseerRendererCommon\EffekseerRenderer.RibbonRendererBase.h">
      <Filter>EffekseerRendererCommon</Filter>
    </ClInclude>
    <ClInclude Include="..\EffekseerRendererCommon\EffekseerRenderer.TrackRendererBase.h">
      <Filter>EffekseerRendererCommon</Filter>
    </ClInclude>
    <ClInclude Include="EffekseerRenderer\EffekseerRenderer.TrackRenderer.h">
      <Filter>EffekseerRenderer</Filter>
    </ClInclude>
    <ClInclude Include="EffekseerRenderer\EffekseerRenderer.RenderState.h">
      <Filter>EffekseerRenderer</Filter>
    </ClInclude>
    <ClInclude Include="..\EffekseerRendererCommon\EffekseerRenderer.RenderStateBase.h">
      <Filter>EffekseerRendererCommon</Filter>
    </ClInclude>
    <ClInclude Include="..\EffekseerRendererCommon\EffekseerRenderer.ModelRendererBase.h">
      <Filter>EffekseerRendererCommon</Filter>
    </ClInclude>
    <ClInclude Include="..\EffekseerRendererCommon\EffekseerRenderer.SpriteRendererBase.h">
      <Filter>EffekseerRendererCommon</Filter>
    </ClInclude>
    <ClInclude Include="..\EffekseerRendererCommon\EffekseerRenderer.RingRendererBase.h">
      <Filter>EffekseerRendererCommon</Filter>
    </ClInclude>
  </ItemGroup>
  <ItemGroup>
    <ClCompile Include="EffekseerRenderer\EffekseerRenderer.DeviceObject.cpp">
      <Filter>EffekseerRenderer</Filter>
    </ClCompile>
    <ClCompile Include="EffekseerRenderer\EffekseerRenderer.IndexBuffer.cpp">
      <Filter>EffekseerRenderer</Filter>
    </ClCompile>
    <ClCompile Include="EffekseerRenderer\EffekseerRenderer.Renderer.cpp">
      <Filter>EffekseerRenderer</Filter>
    </ClCompile>
    <ClCompile Include="EffekseerRenderer\EffekseerRenderer.RibbonRenderer.cpp">
      <Filter>EffekseerRenderer</Filter>
    </ClCompile>
    <ClCompile Include="EffekseerRenderer\EffekseerRenderer.Shader.cpp">
      <Filter>EffekseerRenderer</Filter>
    </ClCompile>
    <ClCompile Include="EffekseerRenderer\EffekseerRenderer.SpriteRenderer.cpp">
      <Filter>EffekseerRenderer</Filter>
    </ClCompile>
    <ClCompile Include="EffekseerRenderer\EffekseerRenderer.VertexBuffer.cpp">
      <Filter>EffekseerRenderer</Filter>
    </ClCompile>
    <ClCompile Include="..\EffekseerRendererCommon\EffekseerRenderer.VertexBufferBase.cpp">
      <Filter>EffekseerRendererCommon</Filter>
    </ClCompile>
    <ClCompile Include="..\EffekseerRendererCommon\EffekseerRenderer.IndexBufferBase.cpp">
      <Filter>EffekseerRendererCommon</Filter>
    </ClCompile>
    <ClCompile Include="EffekseerRenderer\EffekseerRenderer.RingRenderer.cpp">
      <Filter>EffekseerRenderer</Filter>
    </ClCompile>
    <ClCompile Include="EffekseerRenderer\EffekseerRenderer.TextureLoader.cpp">
      <Filter>EffekseerRenderer</Filter>
    </ClCompile>
    <ClCompile Include="EffekseerRenderer\EffekseerRenderer.ModelLoader.cpp">
      <Filter>EffekseerRenderer</Filter>
    </ClCompile>
    <ClCompile Include="EffekseerRenderer\EffekseerRenderer.ModelRenderer.cpp">
      <Filter>EffekseerRenderer</Filter>
    </ClCompile>
    <ClCompile Include="..\EffekseerRendererCommon\EffekseerRenderer.RibbonRendererBase.cpp">
      <Filter>EffekseerRendererCommon</Filter>
    </ClCompile>
    <ClCompile Include="..\EffekseerRendererCommon\EffekseerRenderer.TrackRendererBase.cpp">
      <Filter>EffekseerRendererCommon</Filter>
    </ClCompile>
    <ClCompile Include="EffekseerRenderer\EffekseerRenderer.TrackRenderer.cpp">
      <Filter>EffekseerRenderer</Filter>
    </ClCompile>
    <ClCompile Include="EffekseerRenderer\EffekseerRenderer.RenderState.cpp">
      <Filter>EffekseerRenderer</Filter>
    </ClCompile>
    <ClCompile Include="..\EffekseerRendererCommon\EffekseerRenderer.RenderStateBase.cpp">
      <Filter>EffekseerRendererCommon</Filter>
    </ClCompile>
    <ClCompile Include="..\EffekseerRendererCommon\EffekseerRenderer.ModelRendererBase.cpp">
      <Filter>EffekseerRendererCommon</Filter>
    </ClCompile>
    <ClCompile Include="..\EffekseerRendererCommon\EffekseerRenderer.SpriteRendererBase.cpp">
      <Filter>EffekseerRendererCommon</Filter>
    </ClCompile>
    <ClCompile Include="..\EffekseerRendererCommon\EffekseerRenderer.RingRendererBase.cpp">
      <Filter>EffekseerRendererCommon</Filter>
    </ClCompile>
  </ItemGroup>
</Project>