
Microsoft Visual Studio Solution File, Format Version 12.00
# Visual Studio 14
VisualStudioVersion = 14.0.25420.1
MinimumVisualStudioVersion = 10.0.40219.1
Project("{FAE04EC0-301F-11D3-BF4B-00C04F79EFBC}") = "Effekseer", "Effekseer\Effekseer.csproj", "{DAEF7573-3BF4-4457-BF8D-9A1138B3BDBE}"
	ProjectSection(ProjectDependencies) = postProject
		{8145E20A-FDAA-4C69-994D-697876E61FAA} = {8145E20A-FDAA-4C69-994D-697876E61FAA}
		{5C73251F-26D7-44CF-A3D7-1E333F585D4F} = {5C73251F-26D7-44CF-A3D7-1E333F585D4F}
		{BE1EFA2A-6745-4118-94C3-AA4ABBE64F06} = {BE1EFA2A-6745-4118-94C3-AA4ABBE64F06}
		{91E36741-5DFC-46E3-A7F3-28A67FD637C8} = {91E36741-5DFC-46E3-A7F3-28A67FD637C8}
	EndProjectSection
EndProject
Project("{FAE04EC0-301F-11D3-BF4B-00C04F79EFBC}") = "EffekseerCore", "EffekseerCore\EffekseerCore.csproj", "{E2495770-1734-4C77-8028-92040A1D36CB}"
EndProject
Project("{8BC9CEB8-8B4A-11D0-8D11-00A0C91BC942}") = "Viewer", "..\Cpp\Viewer\Viewer.vcxproj", "{BE1EFA2A-6745-4118-94C3-AA4ABBE64F06}"
	ProjectSection(ProjectDependencies) = postProject
		{50A10126-B716-4096-973B-2AD5E8904693} = {50A10126-B716-4096-973B-2AD5E8904693}
		{E2495770-1734-4C77-8028-92040A1D36CB} = {E2495770-1734-4C77-8028-92040A1D36CB}
		{4E7A02CF-51F7-414B-9874-A34116D2B43C} = {4E7A02CF-51F7-414B-9874-A34116D2B43C}
	EndProjectSection
EndProject
Project("{8BC9CEB8-8B4A-11D0-8D11-00A0C91BC942}") = "EffekseerRendererDX9", "..\Cpp\EffekseerRendererDX9\EffekseerRendererDX9.vcxproj", "{8145E20A-FDAA-4C69-994D-697876E61FAA}"
EndProject
Project("{2150E333-8FDC-42A3-9474-1A3956D46DE8}") = "Editor", "Editor", "{C51848C1-A7A0-4483-A684-288ECB42E817}"
EndProject
Project("{2150E333-8FDC-42A3-9474-1A3956D46DE8}") = "Runtime", "Runtime", "{3A34F962-37D4-4045-AAF7-6A60BA06E6DA}"
EndProject
Project("{8BC9CEB8-8B4A-11D0-8D11-00A0C91BC942}") = "Effekseer", "..\Cpp\Effekseer\Effekseer.vcxproj", "{91E36741-5DFC-46E3-A7F3-28A67FD637C8}"
EndProject
Project("{8BC9CEB8-8B4A-11D0-8D11-00A0C91BC942}") = "EffekseerRendererGL", "..\Cpp\EffekseerRendererGL\EffekseerRendererGL.vcxproj", "{50A10126-B716-4096-973B-2AD5E8904693}"
EndProject
Project("{8BC9CEB8-8B4A-11D0-8D11-00A0C91BC942}") = "EffekseerSoundOSMixer", "..\Cpp\EffekseerSoundOSMixer\EffekseerSoundOSMixer.vcxproj", "{5C73251F-26D7-44CF-A3D7-1E333F585D4F}"
EndProject
Project("{FAE04EC0-301F-11D3-BF4B-00C04F79EFBC}") = "EffekseerMP", "EffekseerMP\EffekseerMP.csproj", "{30984EBA-2329-4BAF-9E9D-88A5B62D7014}"
	ProjectSection(ProjectDependencies) = postProject
		{8145E20A-FDAA-4C69-994D-697876E61FAA} = {8145E20A-FDAA-4C69-994D-697876E61FAA}
		{5C73251F-26D7-44CF-A3D7-1E333F585D4F} = {5C73251F-26D7-44CF-A3D7-1E333F585D4F}
		{50A10126-B716-4096-973B-2AD5E8904693} = {50A10126-B716-4096-973B-2AD5E8904693}
		{BE1EFA2A-6745-4118-94C3-AA4ABBE64F06} = {BE1EFA2A-6745-4118-94C3-AA4ABBE64F06}
		{91E36741-5DFC-46E3-A7F3-28A67FD637C8} = {91E36741-5DFC-46E3-A7F3-28A67FD637C8}
		{E2495770-1734-4C77-8028-92040A1D36CB} = {E2495770-1734-4C77-8028-92040A1D36CB}
		{4E7A02CF-51F7-414B-9874-A34116D2B43C} = {4E7A02CF-51F7-414B-9874-A34116D2B43C}
	EndProjectSection
EndProject
Project("{8BC9CEB8-8B4A-11D0-8D11-00A0C91BC942}") = "EffekseerRendererDX11", "..\Cpp\EffekseerRendererDX11\EffekseerRendererDX11.vcxproj", "{4E7A02CF-51F7-414B-9874-A34116D2B43C}"
EndProject
Global
	GlobalSection(SolutionConfigurationPlatforms) = preSolution
		Debug|x64 = Debug|x64
		Debug|x86 = Debug|x86
		Release|x64 = Release|x64
		Release|x86 = Release|x86
	EndGlobalSection
	GlobalSection(ProjectConfigurationPlatforms) = postSolution
		{DAEF7573-3BF4-4457-BF8D-9A1138B3BDBE}.Debug|x64.ActiveCfg = Debug|x86
		{DAEF7573-3BF4-4457-BF8D-9A1138B3BDBE}.Debug|x86.ActiveCfg = Debug|x86
		{DAEF7573-3BF4-4457-BF8D-9A1138B3BDBE}.Debug|x86.Build.0 = Debug|x86
		{DAEF7573-3BF4-4457-BF8D-9A1138B3BDBE}.Release|x64.ActiveCfg = Release|x86
		{DAEF7573-3BF4-4457-BF8D-9A1138B3BDBE}.Release|x86.ActiveCfg = Release|x86
		{DAEF7573-3BF4-4457-BF8D-9A1138B3BDBE}.Release|x86.Build.0 = Release|x86
		{E2495770-1734-4C77-8028-92040A1D36CB}.Debug|x64.ActiveCfg = Debug|x86
		{E2495770-1734-4C77-8028-92040A1D36CB}.Debug|x86.ActiveCfg = Debug|x86
		{E2495770-1734-4C77-8028-92040A1D36CB}.Debug|x86.Build.0 = Debug|x86
		{E2495770-1734-4C77-8028-92040A1D36CB}.Release|x64.ActiveCfg = Release|x86
		{E2495770-1734-4C77-8028-92040A1D36CB}.Release|x86.ActiveCfg = Release|x86
		{E2495770-1734-4C77-8028-92040A1D36CB}.Release|x86.Build.0 = Release|x86
		{BE1EFA2A-6745-4118-94C3-AA4ABBE64F06}.Debug|x64.ActiveCfg = Debug|Win32
		{BE1EFA2A-6745-4118-94C3-AA4ABBE64F06}.Debug|x86.ActiveCfg = Debug_DLL|Win32
		{BE1EFA2A-6745-4118-94C3-AA4ABBE64F06}.Debug|x86.Build.0 = Debug_DLL|Win32
		{BE1EFA2A-6745-4118-94C3-AA4ABBE64F06}.Release|x64.ActiveCfg = Release|Win32
		{BE1EFA2A-6745-4118-94C3-AA4ABBE64F06}.Release|x86.ActiveCfg = Release_DLL|Win32
		{BE1EFA2A-6745-4118-94C3-AA4ABBE64F06}.Release|x86.Build.0 = Release_DLL|Win32
		{8145E20A-FDAA-4C69-994D-697876E61FAA}.Debug|x64.ActiveCfg = Debug|x64
		{8145E20A-FDAA-4C69-994D-697876E61FAA}.Debug|x64.Build.0 = Debug|x64
		{8145E20A-FDAA-4C69-994D-697876E61FAA}.Debug|x86.ActiveCfg = Debug|Win32
		{8145E20A-FDAA-4C69-994D-697876E61FAA}.Debug|x86.Build.0 = Debug|Win32
		{8145E20A-FDAA-4C69-994D-697876E61FAA}.Release|x64.ActiveCfg = Release|x64
		{8145E20A-FDAA-4C69-994D-697876E61FAA}.Release|x64.Build.0 = Release|x64
		{8145E20A-FDAA-4C69-994D-697876E61FAA}.Release|x86.ActiveCfg = Release|Win32
		{8145E20A-FDAA-4C69-994D-697876E61FAA}.Release|x86.Build.0 = Release|Win32
		{91E36741-5DFC-46E3-A7F3-28A67FD637C8}.Debug|x64.ActiveCfg = Debug|x64
		{91E36741-5DFC-46E3-A7F3-28A67FD637C8}.Debug|x64.Build.0 = Debug|x64
		{91E36741-5DFC-46E3-A7F3-28A67FD637C8}.Debug|x86.ActiveCfg = Debug|Win32
		{91E36741-5DFC-46E3-A7F3-28A67FD637C8}.Debug|x86.Build.0 = Debug|Win32
		{91E36741-5DFC-46E3-A7F3-28A67FD637C8}.Release|x64.ActiveCfg = Release|x64
		{91E36741-5DFC-46E3-A7F3-28A67FD637C8}.Release|x64.Build.0 = Release|x64
		{91E36741-5DFC-46E3-A7F3-28A67FD637C8}.Release|x86.ActiveCfg = Release|Win32
		{91E36741-5DFC-46E3-A7F3-28A67FD637C8}.Release|x86.Build.0 = Release|Win32
		{50A10126-B716-4096-973B-2AD5E8904693}.Debug|x64.ActiveCfg = Debug|x64
		{50A10126-B716-4096-973B-2AD5E8904693}.Debug|x64.Build.0 = Debug|x64
		{50A10126-B716-4096-973B-2AD5E8904693}.Debug|x86.ActiveCfg = Debug|Win32
		{50A10126-B716-4096-973B-2AD5E8904693}.Debug|x86.Build.0 = Debug|Win32
		{50A10126-B716-4096-973B-2AD5E8904693}.Release|x64.ActiveCfg = Release|x64
		{50A10126-B716-4096-973B-2AD5E8904693}.Release|x64.Build.0 = Release|x64
		{50A10126-B716-4096-973B-2AD5E8904693}.Release|x86.ActiveCfg = Release|Win32
		{50A10126-B716-4096-973B-2AD5E8904693}.Release|x86.Build.0 = Release|Win32
		{5C73251F-26D7-44CF-A3D7-1E333F585D4F}.Debug|x64.ActiveCfg = Debug|x64
		{5C73251F-26D7-44CF-A3D7-1E333F585D4F}.Debug|x64.Build.0 = Debug|x64
		{5C73251F-26D7-44CF-A3D7-1E333F585D4F}.Debug|x86.ActiveCfg = Debug|Win32
		{5C73251F-26D7-44CF-A3D7-1E333F585D4F}.Debug|x86.Build.0 = Debug|Win32
		{5C73251F-26D7-44CF-A3D7-1E333F585D4F}.Release|x64.ActiveCfg = Release|x64
		{5C73251F-26D7-44CF-A3D7-1E333F585D4F}.Release|x64.Build.0 = Release|x64
		{5C73251F-26D7-44CF-A3D7-1E333F585D4F}.Release|x86.ActiveCfg = Release|Win32
		{5C73251F-26D7-44CF-A3D7-1E333F585D4F}.Release|x86.Build.0 = Release|Win32
		{30984EBA-2329-4BAF-9E9D-88A5B62D7014}.Debug|x64.ActiveCfg = Debug|x86
		{30984EBA-2329-4BAF-9E9D-88A5B62D7014}.Debug|x86.ActiveCfg = Debug|x86
		{30984EBA-2329-4BAF-9E9D-88A5B62D7014}.Debug|x86.Build.0 = Debug|x86
		{30984EBA-2329-4BAF-9E9D-88A5B62D7014}.Release|x64.ActiveCfg = Release|x86
		{30984EBA-2329-4BAF-9E9D-88A5B62D7014}.Release|x86.ActiveCfg = Release|x86
		{30984EBA-2329-4BAF-9E9D-88A5B62D7014}.Release|x86.Build.0 = Release|x86
		{4E7A02CF-51F7-414B-9874-A34116D2B43C}.Debug|x64.ActiveCfg = Debug|x64
		{4E7A02CF-51F7-414B-9874-A34116D2B43C}.Debug|x64.Build.0 = Debug|x64
		{4E7A02CF-51F7-414B-9874-A34116D2B43C}.Debug|x86.ActiveCfg = Debug|Win32
		{4E7A02CF-51F7-414B-9874-A34116D2B43C}.Debug|x86.Build.0 = Debug|Win32
		{4E7A02CF-51F7-414B-9874-A34116D2B43C}.Release|x64.ActiveCfg = Release|x64
		{4E7A02CF-51F7-414B-9874-A34116D2B43C}.Release|x64.Build.0 = Release|x64
		{4E7A02CF-51F7-414B-9874-A34116D2B43C}.Release|x86.ActiveCfg = Release|Win32
		{4E7A02CF-51F7-414B-9874-A34116D2B43C}.Release|x86.Build.0 = Release|Win32
	EndGlobalSection
	GlobalSection(SolutionProperties) = preSolution
		HideSolutionNode = FALSE
	EndGlobalSection
	GlobalSection(NestedProjects) = preSolution
		{DAEF7573-3BF4-4457-BF8D-9A1138B3BDBE} = {C51848C1-A7A0-4483-A684-288ECB42E817}
		{E2495770-1734-4C77-8028-92040A1D36CB} = {C51848C1-A7A0-4483-A684-288ECB42E817}
		{BE1EFA2A-6745-4118-94C3-AA4ABBE64F06} = {C51848C1-A7A0-4483-A684-288ECB42E817}
		{8145E20A-FDAA-4C69-994D-697876E61FAA} = {3A34F962-37D4-4045-AAF7-6A60BA06E6DA}
		{91E36741-5DFC-46E3-A7F3-28A67FD637C8} = {3A34F962-37D4-4045-AAF7-6A60BA06E6DA}
		{50A10126-B716-4096-973B-2AD5E8904693} = {3A34F962-37D4-4045-AAF7-6A60BA06E6DA}
		{5C73251F-26D7-44CF-A3D7-1E333F585D4F} = {3A34F962-37D4-4045-AAF7-6A60BA06E6DA}
		{30984EBA-2329-4BAF-9E9D-88A5B62D7014} = {C51848C1-A7A0-4483-A684-288ECB42E817}
		{4E7A02CF-51F7-414B-9874-A34116D2B43C} = {3A34F962-37D4-4045-AAF7-6A60BA06E6DA}
	EndGlobalSection
EndGlobal
