
Microsoft Visual Studio Solution File, Format Version 12.00
# Visual Studio Version 16
VisualStudioVersion = 16.0.28803.352
MinimumVisualStudioVersion = 10.0.40219.1
Project("{8BC9CEB8-8B4A-11D0-8D11-00A0C91BC942}") = "fbxToEffekseerModelConverter", "fbxToEffekseerModelConverter\fbxToEffekseerModelConverter.vcxproj", "{33E576D6-6477-4ED1-9C06-4AEC1D777005}"
EndProject
Global
	GlobalSection(SolutionConfigurationPlatforms) = preSolution
		Debug|Win32 = Debug|Win32
		Release|Win32 = Release|Win32
	EndGlobalSection
	GlobalSection(ProjectConfigurationPlatforms) = postSolution
		{33E576D6-6477-4ED1-9C06-4AEC1D777005}.Debug|Win32.ActiveCfg = Debug|Win32
		{33E576D6-6477-4ED1-9C06-4AEC1D777005}.Debug|Win32.Build.0 = Debug|Win32
		{33E576D6-6477-4ED1-9C06-4AEC1D777005}.Release|Win32.ActiveCfg = Release|Win32
		{33E576D6-6477-4ED1-9C06-4AEC1D777005}.Release|Win32.Build.0 = Release|Win32
	EndGlobalSection
	GlobalSection(SolutionProperties) = preSolution
		HideSolutionNode = FALSE
	EndGlobalSection
EndGlobal
