// !$*UTF8*$!
{
	archiveVersion = 1;
	classes = {
	};
	objectVersion = 46;
	objects = {

/* Begin PBXBuildFile section */
		4861A2C7182F822500A8217D /* EffekseerPluginCommon.cpp in Sources */ = {isa = PBXBuildFile; fileRef = 4861A2C5182F822500A8217D /* EffekseerPluginCommon.cpp */; };
		4861A2C9182F841700A8217D /* OpenAL.framework in Frameworks */ = {isa = PBXBuildFile; fileRef = 4861A2C8182F841700A8217D /* OpenAL.framework */; };
		4861A318182F846200A8217D /* Effekseer.Client.cpp in Sources */ = {isa = PBXBuildFile; fileRef = 4861A2CE182F846200A8217D /* Effekseer.Client.cpp */; };
		4861A319182F846200A8217D /* Effekseer.Color.cpp in Sources */ = {isa = PBXBuildFile; fileRef = 4861A2D1182F846200A8217D /* Effekseer.Color.cpp */; };
		4861A31A182F846200A8217D /* Effekseer.CriticalSection.cpp in Sources */ = {isa = PBXBuildFile; fileRef = 4861A2D3182F846200A8217D /* Effekseer.CriticalSection.cpp */; };
		4861A31B182F846200A8217D /* Effekseer.DefaultEffectLoader.cpp in Sources */ = {isa = PBXBuildFile; fileRef = 4861A2D5182F846200A8217D /* Effekseer.DefaultEffectLoader.cpp */; };
		4861A31C182F846200A8217D /* Effekseer.DefaultFile.cpp in Sources */ = {isa = PBXBuildFile; fileRef = 4861A2D7182F846200A8217D /* Effekseer.DefaultFile.cpp */; };
		4861A31D182F846200A8217D /* Effekseer.Effect.cpp in Sources */ = {isa = PBXBuildFile; fileRef = 4861A2D9182F846200A8217D /* Effekseer.Effect.cpp */; };
		4861A31E182F846200A8217D /* Effekseer.EffectNode.cpp in Sources */ = {isa = PBXBuildFile; fileRef = 4861A2DD182F846200A8217D /* Effekseer.EffectNode.cpp */; };
		4861A31F182F846200A8217D /* Effekseer.EffectNodeModel.cpp in Sources */ = {isa = PBXBuildFile; fileRef = 4861A2DF182F846200A8217D /* Effekseer.EffectNodeModel.cpp */; };
		4861A320182F846200A8217D /* Effekseer.EffectNodeRibbon.cpp in Sources */ = {isa = PBXBuildFile; fileRef = 4861A2E1182F846200A8217D /* Effekseer.EffectNodeRibbon.cpp */; };
		4861A321182F846200A8217D /* Effekseer.EffectNodeRing.cpp in Sources */ = {isa = PBXBuildFile; fileRef = 4861A2E3182F846200A8217D /* Effekseer.EffectNodeRing.cpp */; };
		4861A322182F846200A8217D /* Effekseer.EffectNodeRoot.cpp in Sources */ = {isa = PBXBuildFile; fileRef = 4861A2E5182F846200A8217D /* Effekseer.EffectNodeRoot.cpp */; };
		4861A323182F846200A8217D /* Effekseer.EffectNodeSprite.cpp in Sources */ = {isa = PBXBuildFile; fileRef = 4861A2E7182F846200A8217D /* Effekseer.EffectNodeSprite.cpp */; };
		4861A324182F846200A8217D /* Effekseer.EffectNodeTrack.cpp in Sources */ = {isa = PBXBuildFile; fileRef = 4861A2E9182F846200A8217D /* Effekseer.EffectNodeTrack.cpp */; };
		4861A325182F846200A8217D /* Effekseer.FCurves.cpp in Sources */ = {isa = PBXBuildFile; fileRef = 4861A2EB182F846200A8217D /* Effekseer.FCurves.cpp */; };
		4861A326182F846200A8217D /* Effekseer.Instance.cpp in Sources */ = {isa = PBXBuildFile; fileRef = 4861A2EE182F846200A8217D /* Effekseer.Instance.cpp */; };
		4861A327182F846200A8217D /* Effekseer.InstanceContainer.cpp in Sources */ = {isa = PBXBuildFile; fileRef = 4861A2F0182F846200A8217D /* Effekseer.InstanceContainer.cpp */; };
		4861A328182F846200A8217D /* Effekseer.InstanceGlobal.cpp in Sources */ = {isa = PBXBuildFile; fileRef = 4861A2F2182F846200A8217D /* Effekseer.InstanceGlobal.cpp */; };
		4861A329182F846200A8217D /* Effekseer.InstanceGroup.cpp in Sources */ = {isa = PBXBuildFile; fileRef = 4861A2F4182F846200A8217D /* Effekseer.InstanceGroup.cpp */; };
		4861A32A182F846200A8217D /* Effekseer.Manager.cpp in Sources */ = {isa = PBXBuildFile; fileRef = 4861A2F7182F846200A8217D /* Effekseer.Manager.cpp */; };
		4861A32B182F846200A8217D /* Effekseer.Matrix43.cpp in Sources */ = {isa = PBXBuildFile; fileRef = 4861A2FA182F846200A8217D /* Effekseer.Matrix43.cpp */; };
		4861A32C182F846200A8217D /* Effekseer.Matrix44.cpp in Sources */ = {isa = PBXBuildFile; fileRef = 4861A2FC182F846200A8217D /* Effekseer.Matrix44.cpp */; };
		4861A32D182F846200A8217D /* Effekseer.RectF.cpp in Sources */ = {isa = PBXBuildFile; fileRef = 4861A300182F846200A8217D /* Effekseer.RectF.cpp */; };
		4861A32E182F846200A8217D /* Effekseer.Server.cpp in Sources */ = {isa = PBXBuildFile; fileRef = 4861A302182F846200A8217D /* Effekseer.Server.cpp */; };
		4861A32F182F846200A8217D /* Effekseer.Socket.cpp in Sources */ = {isa = PBXBuildFile; fileRef = 4861A305182F846200A8217D /* Effekseer.Socket.cpp */; };
		4861A330182F846200A8217D /* Effekseer.Thread.cpp in Sources */ = {isa = PBXBuildFile; fileRef = 4861A309182F846200A8217D /* Effekseer.Thread.cpp */; };
		4861A331182F846200A8217D /* Effekseer.Vector2D.cpp in Sources */ = {isa = PBXBuildFile; fileRef = 4861A30B182F846200A8217D /* Effekseer.Vector2D.cpp */; };
		4861A332182F846200A8217D /* Effekseer.Vector3D.cpp in Sources */ = {isa = PBXBuildFile; fileRef = 4861A30D182F846200A8217D /* Effekseer.Vector3D.cpp */; };
		4861A344182F847100A8217D /* EffekseerRenderer.IndexBufferBase.cpp in Sources */ = {isa = PBXBuildFile; fileRef = 4861A334182F847100A8217D /* EffekseerRenderer.IndexBufferBase.cpp */; };
		4861A345182F847100A8217D /* EffekseerRenderer.ModelRendererBase.cpp in Sources */ = {isa = PBXBuildFile; fileRef = 4861A336182F847100A8217D /* EffekseerRenderer.ModelRendererBase.cpp */; };
		4861A346182F847100A8217D /* EffekseerRenderer.RenderStateBase.cpp in Sources */ = {isa = PBXBuildFile; fileRef = 4861A338182F847100A8217D /* EffekseerRenderer.RenderStateBase.cpp */; };
		4861A347182F847100A8217D /* EffekseerRenderer.RibbonRendererBase.cpp in Sources */ = {isa = PBXBuildFile; fileRef = 4861A33A182F847100A8217D /* EffekseerRenderer.RibbonRendererBase.cpp */; };
		4861A348182F847100A8217D /* EffekseerRenderer.RingRendererBase.cpp in Sources */ = {isa = PBXBuildFile; fileRef = 4861A33C182F847100A8217D /* EffekseerRenderer.RingRendererBase.cpp */; };
		4861A349182F847100A8217D /* EffekseerRenderer.SpriteRendererBase.cpp in Sources */ = {isa = PBXBuildFile; fileRef = 4861A33E182F847100A8217D /* EffekseerRenderer.SpriteRendererBase.cpp */; };
		4861A34A182F847100A8217D /* EffekseerRenderer.TrackRendererBase.cpp in Sources */ = {isa = PBXBuildFile; fileRef = 4861A340182F847100A8217D /* EffekseerRenderer.TrackRendererBase.cpp */; };
		4861A34B182F847100A8217D /* EffekseerRenderer.VertexBufferBase.cpp in Sources */ = {isa = PBXBuildFile; fileRef = 4861A342182F847100A8217D /* EffekseerRenderer.VertexBufferBase.cpp */; };
		4861A3B5182FB42100A8217D /* OpenGL.framework in Frameworks */ = {isa = PBXBuildFile; fileRef = 4861A3B4182FB42100A8217D /* OpenGL.framework */; };
		4861A3D2182FBAAA00A8217D /* libpng.a in Frameworks */ = {isa = PBXBuildFile; fileRef = 4861A3D0182FBAAA00A8217D /* libpng.a */; settings = {ATTRIBUTES = (Weak, ); }; };
		4861A3F2182FBB7100A8217D /* libz.a in Frameworks */ = {isa = PBXBuildFile; fileRef = 4861A3F1182FBB7100A8217D /* libz.a */; settings = {ATTRIBUTES = (Weak, ); }; };
		48B43FE8182F76F100B849F5 /* CoreFoundation.framework in Frameworks */ = {isa = PBXBuildFile; fileRef = 48B43FE7182F76F100B849F5 /* CoreFoundation.framework */; };
		48B44005182F781400B849F5 /* EffekseerPluginOSX.cpp in Sources */ = {isa = PBXBuildFile; fileRef = 48B44004182F781400B849F5 /* EffekseerPluginOSX.cpp */; };
		682EBB9819F57670007914D7 /* libz.1.2.5.dylib in Frameworks */ = {isa = PBXBuildFile; fileRef = 682EBB9719F57670007914D7 /* libz.1.2.5.dylib */; };
		684C1F0719F60B2100E32FEC /* EffekseerSoundAL.Sound.cpp in Sources */ = {isa = PBXBuildFile; fileRef = 684C1EFF19F60B2100E32FEC /* EffekseerSoundAL.Sound.cpp */; };
		684C1F0819F60B2100E32FEC /* EffekseerSoundAL.SoundLoader.cpp in Sources */ = {isa = PBXBuildFile; fileRef = 684C1F0119F60B2100E32FEC /* EffekseerSoundAL.SoundLoader.cpp */; };
		684C1F0919F60B2100E32FEC /* EffekseerSoundAL.SoundPlayer.cpp in Sources */ = {isa = PBXBuildFile; fileRef = 684C1F0319F60B2100E32FEC /* EffekseerSoundAL.SoundPlayer.cpp */; };
		684C1F0A19F60B2100E32FEC /* EffekseerSoundAL.SoundVoice.cpp in Sources */ = {isa = PBXBuildFile; fileRef = 684C1F0519F60B2100E32FEC /* EffekseerSoundAL.SoundVoice.cpp */; };
		684C1F0C19F60B9800E32FEC /* EffekseerSoundAL.h in Sources */ = {isa = PBXBuildFile; fileRef = 684C1F0B19F60B5200E32FEC /* EffekseerSoundAL.h */; };
		684C1F0D19F60B9800E32FEC /* EffekseerSoundAL.SoundImplemented.h in Sources */ = {isa = PBXBuildFile; fileRef = 684C1F0019F60B2100E32FEC /* EffekseerSoundAL.SoundImplemented.h */; };
		684C1F0E19F60B9800E32FEC /* EffekseerSoundAL.SoundLoader.h in Sources */ = {isa = PBXBuildFile; fileRef = 684C1F0219F60B2100E32FEC /* EffekseerSoundAL.SoundLoader.h */; };
		684C1F0F19F60B9800E32FEC /* EffekseerSoundAL.SoundPlayer.h in Sources */ = {isa = PBXBuildFile; fileRef = 684C1F0419F60B2100E32FEC /* EffekseerSoundAL.SoundPlayer.h */; };
		684C1F1019F60B9800E32FEC /* EffekseerSoundAL.SoundVoice.h in Sources */ = {isa = PBXBuildFile; fileRef = 684C1F0619F60B2100E32FEC /* EffekseerSoundAL.SoundVoice.h */; };
		684C1F2719F60DA300E32FEC /* EFX-Util.lib in Frameworks */ = {isa = PBXBuildFile; fileRef = 684C1F1D19F60DA300E32FEC /* EFX-Util.lib */; };
		684C1F2819F60DA300E32FEC /* EFX-Util.lib in Frameworks */ = {isa = PBXBuildFile; fileRef = 684C1F1F19F60DA300E32FEC /* EFX-Util.lib */; };
		684C1F2919F60DA300E32FEC /* OpenAL32.lib in Frameworks */ = {isa = PBXBuildFile; fileRef = 684C1F2019F60DA300E32FEC /* OpenAL32.lib */; };
		684C1F2A19F60DA300E32FEC /* EFX-Util.lib in Frameworks */ = {isa = PBXBuildFile; fileRef = 684C1F2319F60DA300E32FEC /* EFX-Util.lib */; };
		684C1F2B19F60DA300E32FEC /* EFX-Util.lib in Frameworks */ = {isa = PBXBuildFile; fileRef = 684C1F2519F60DA300E32FEC /* EFX-Util.lib */; };
		684C1F2C19F60DA300E32FEC /* OpenAL32.lib in Frameworks */ = {isa = PBXBuildFile; fileRef = 684C1F2619F60DA300E32FEC /* OpenAL32.lib */; };
		684C1F6219F6106D00E32FEC /* EffekseerRendererGL.DeviceObject.cpp in Sources */ = {isa = PBXBuildFile; fileRef = 684C1F3019F6106D00E32FEC /* EffekseerRendererGL.DeviceObject.cpp */; };
		684C1F6319F6106D00E32FEC /* EffekseerRendererGL.GLExtension.cpp in Sources */ = {isa = PBXBuildFile; fileRef = 684C1F3219F6106D00E32FEC /* EffekseerRendererGL.GLExtension.cpp */; };
		684C1F6419F6106D00E32FEC /* EffekseerRendererGL.IndexBuffer.cpp in Sources */ = {isa = PBXBuildFile; fileRef = 684C1F3419F6106D00E32FEC /* EffekseerRendererGL.IndexBuffer.cpp */; };
		684C1F6519F6106D00E32FEC /* EffekseerRendererGL.ModelLoader.cpp in Sources */ = {isa = PBXBuildFile; fileRef = 684C1F3619F6106D00E32FEC /* EffekseerRendererGL.ModelLoader.cpp */; };
		684C1F6619F6106D00E32FEC /* EffekseerRendererGL.ModelRenderer.cpp in Sources */ = {isa = PBXBuildFile; fileRef = 684C1F3819F6106D00E32FEC /* EffekseerRendererGL.ModelRenderer.cpp */; };
		684C1F6719F6106D00E32FEC /* EffekseerRendererGL.Renderer.cpp in Sources */ = {isa = PBXBuildFile; fileRef = 684C1F3A19F6106D00E32FEC /* EffekseerRendererGL.Renderer.cpp */; };
		684C1F6819F6106D00E32FEC /* EffekseerRendererGL.RenderState.cpp in Sources */ = {isa = PBXBuildFile; fileRef = 684C1F3D19F6106D00E32FEC /* EffekseerRendererGL.RenderState.cpp */; };
		684C1F6919F6106D00E32FEC /* EffekseerRendererGL.RibbonRenderer.cpp in Sources */ = {isa = PBXBuildFile; fileRef = 684C1F3F19F6106D00E32FEC /* EffekseerRendererGL.RibbonRenderer.cpp */; };
		684C1F6A19F6106D00E32FEC /* EffekseerRendererGL.RingRenderer.cpp in Sources */ = {isa = PBXBuildFile; fileRef = 684C1F4119F6106D00E32FEC /* EffekseerRendererGL.RingRenderer.cpp */; };
		684C1F6B19F6106D00E32FEC /* EffekseerRendererGL.Shader.cpp in Sources */ = {isa = PBXBuildFile; fileRef = 684C1F4319F6106D00E32FEC /* EffekseerRendererGL.Shader.cpp */; };
		684C1F6C19F6106D00E32FEC /* EffekseerRendererGL.SpriteRenderer.cpp in Sources */ = {isa = PBXBuildFile; fileRef = 684C1F4519F6106D00E32FEC /* EffekseerRendererGL.SpriteRenderer.cpp */; };
		684C1F6D19F6106D00E32FEC /* EffekseerRendererGL.TextureLoader.cpp in Sources */ = {isa = PBXBuildFile; fileRef = 684C1F4719F6106D00E32FEC /* EffekseerRendererGL.TextureLoader.cpp */; };
		684C1F6E19F6106D00E32FEC /* EffekseerRendererGL.TrackRenderer.cpp in Sources */ = {isa = PBXBuildFile; fileRef = 684C1F4919F6106D00E32FEC /* EffekseerRendererGL.TrackRenderer.cpp */; };
		684C1F6F19F6106D00E32FEC /* EffekseerRendererGL.VertexBuffer.cpp in Sources */ = {isa = PBXBuildFile; fileRef = 684C1F4B19F6106D00E32FEC /* EffekseerRendererGL.VertexBuffer.cpp */; };
		684C1F7019F6106D00E32FEC /* glew32s.lib in Frameworks */ = {isa = PBXBuildFile; fileRef = 684C1F5619F6106D00E32FEC /* glew32s.lib */; };
		684C1F7119F6106D00E32FEC /* libpng.lib in Frameworks */ = {isa = PBXBuildFile; fileRef = 684C1F6019F6106D00E32FEC /* libpng.lib */; };
		684C1F7219F6106D00E32FEC /* zlib.lib in Frameworks */ = {isa = PBXBuildFile; fileRef = 684C1F6119F6106D00E32FEC /* zlib.lib */; };
		684C1F7319F610BE00E32FEC /* EffekseerRendererGL.Base.h in Sources */ = {isa = PBXBuildFile; fileRef = 684C1F2E19F6106D00E32FEC /* EffekseerRendererGL.Base.h */; };
		684C1F7419F610BE00E32FEC /* EffekseerRendererGL.Base.Pre.h in Sources */ = {isa = PBXBuildFile; fileRef = 684C1F2F19F6106D00E32FEC /* EffekseerRendererGL.Base.Pre.h */; };
		684C1F7519F610BE00E32FEC /* EffekseerRendererGL.DeviceObject.h in Sources */ = {isa = PBXBuildFile; fileRef = 684C1F3119F6106D00E32FEC /* EffekseerRendererGL.DeviceObject.h */; };
		684C1F7619F610BE00E32FEC /* EffekseerRendererGL.GLExtension.h in Sources */ = {isa = PBXBuildFile; fileRef = 684C1F3319F6106D00E32FEC /* EffekseerRendererGL.GLExtension.h */; };
		684C1F7719F610BE00E32FEC /* EffekseerRendererGL.IndexBuffer.h in Sources */ = {isa = PBXBuildFile; fileRef = 684C1F3519F6106D00E32FEC /* EffekseerRendererGL.IndexBuffer.h */; };
		684C1F7819F610BE00E32FEC /* EffekseerRendererGL.ModelLoader.h in Sources */ = {isa = PBXBuildFile; fileRef = 684C1F3719F6106D00E32FEC /* EffekseerRendererGL.ModelLoader.h */; };
		684C1F7919F610BE00E32FEC /* EffekseerRendererGL.ModelRenderer.h in Sources */ = {isa = PBXBuildFile; fileRef = 684C1F3919F6106D00E32FEC /* EffekseerRendererGL.ModelRenderer.h */; };
		684C1F7A19F610BE00E32FEC /* EffekseerRendererGL.Renderer.h in Sources */ = {isa = PBXBuildFile; fileRef = 684C1F3B19F6106D00E32FEC /* EffekseerRendererGL.Renderer.h */; };
		684C1F7B19F610BE00E32FEC /* EffekseerRendererGL.RendererImplemented.h in Sources */ = {isa = PBXBuildFile; fileRef = 684C1F3C19F6106D00E32FEC /* EffekseerRendererGL.RendererImplemented.h */; };
		684C1F7C19F610BE00E32FEC /* EffekseerRendererGL.RenderState.h in Sources */ = {isa = PBXBuildFile; fileRef = 684C1F3E19F6106D00E32FEC /* EffekseerRendererGL.RenderState.h */; };
		684C1F7D19F610BE00E32FEC /* EffekseerRendererGL.RibbonRenderer.h in Sources */ = {isa = PBXBuildFile; fileRef = 684C1F4019F6106D00E32FEC /* EffekseerRendererGL.RibbonRenderer.h */; };
		684C1F7E19F610BE00E32FEC /* EffekseerRendererGL.RingRenderer.h in Sources */ = {isa = PBXBuildFile; fileRef = 684C1F4219F6106D00E32FEC /* EffekseerRendererGL.RingRenderer.h */; };
		684C1F7F19F610BE00E32FEC /* EffekseerRendererGL.Shader.h in Sources */ = {isa = PBXBuildFile; fileRef = 684C1F4419F6106D00E32FEC /* EffekseerRendererGL.Shader.h */; };
		684C1F8019F610BE00E32FEC /* EffekseerRendererGL.SpriteRenderer.h in Sources */ = {isa = PBXBuildFile; fileRef = 684C1F4619F6106D00E32FEC /* EffekseerRendererGL.SpriteRenderer.h */; };
		684C1F8119F610BE00E32FEC /* EffekseerRendererGL.TextureLoader.h in Sources */ = {isa = PBXBuildFile; fileRef = 684C1F4819F6106D00E32FEC /* EffekseerRendererGL.TextureLoader.h */; };
		684C1F8219F610BE00E32FEC /* EffekseerRendererGL.TrackRenderer.h in Sources */ = {isa = PBXBuildFile; fileRef = 684C1F4A19F6106D00E32FEC /* EffekseerRendererGL.TrackRenderer.h */; };
		684C1F8319F610BE00E32FEC /* EffekseerRendererGL.VertexBuffer.h in Sources */ = {isa = PBXBuildFile; fileRef = 684C1F4C19F6106D00E32FEC /* EffekseerRendererGL.VertexBuffer.h */; };
/* End PBXBuildFile section */

/* Begin PBXFileReference section */
		4861A2C5182F822500A8217D /* EffekseerPluginCommon.cpp */ = {isa = PBXFileReference; fileEncoding = 4; lastKnownFileType = sourcecode.cpp.cpp; name = EffekseerPluginCommon.cpp; path = ../common/EffekseerPluginCommon.cpp; sourceTree = SOURCE_ROOT; };
		4861A2C6182F822500A8217D /* UnityPluginInterface.h */ = {isa = PBXFileReference; fileEncoding = 4; lastKnownFileType = sourcecode.c.h; name = UnityPluginInterface.h; path = ../common/UnityPluginInterface.h; sourceTree = SOURCE_ROOT; };
		4861A2C8182F841700A8217D /* OpenAL.framework */ = {isa = PBXFileReference; lastKnownFileType = wrapper.framework; name = OpenAL.framework; path = System/Library/Frameworks/OpenAL.framework; sourceTree = SDKROOT; };
		4861A2CC182F846200A8217D /* Effekseer.Base.h */ = {isa = PBXFileReference; fileEncoding = 2147486209; lastKnownFileType = sourcecode.c.h; path = Effekseer.Base.h; sourceTree = "<group>"; };
		4861A2CD182F846200A8217D /* Effekseer.Base.Pre.h */ = {isa = PBXFileReference; fileEncoding = 2147486209; lastKnownFileType = sourcecode.c.h; path = Effekseer.Base.Pre.h; sourceTree = "<group>"; };
		4861A2CE182F846200A8217D /* Effekseer.Client.cpp */ = {isa = PBXFileReference; fileEncoding = 2147486209; lastKnownFileType = sourcecode.cpp.cpp; path = Effekseer.Client.cpp; sourceTree = "<group>"; };
		4861A2CF182F846200A8217D /* Effekseer.Client.h */ = {isa = PBXFileReference; fileEncoding = 2147486209; lastKnownFileType = sourcecode.c.h; path = Effekseer.Client.h; sourceTree = "<group>"; };
		4861A2D0182F846200A8217D /* Effekseer.ClientImplemented.h */ = {isa = PBXFileReference; fileEncoding = 2147486209; lastKnownFileType = sourcecode.c.h; path = Effekseer.ClientImplemented.h; sourceTree = "<group>"; };
		4861A2D1182F846200A8217D /* Effekseer.Color.cpp */ = {isa = PBXFileReference; fileEncoding = 2147486209; lastKnownFileType = sourcecode.cpp.cpp; path = Effekseer.Color.cpp; sourceTree = "<group>"; };
		4861A2D2182F846200A8217D /* Effekseer.Color.h */ = {isa = PBXFileReference; fileEncoding = 2147486209; lastKnownFileType = sourcecode.c.h; path = Effekseer.Color.h; sourceTree = "<group>"; };
		4861A2D3182F846200A8217D /* Effekseer.CriticalSection.cpp */ = {isa = PBXFileReference; fileEncoding = 2147486209; lastKnownFileType = sourcecode.cpp.cpp; path = Effekseer.CriticalSection.cpp; sourceTree = "<group>"; };
		4861A2D4182F846200A8217D /* Effekseer.CriticalSection.h */ = {isa = PBXFileReference; fileEncoding = 2147486209; lastKnownFileType = sourcecode.c.h; path = Effekseer.CriticalSection.h; sourceTree = "<group>"; };
		4861A2D5182F846200A8217D /* Effekseer.DefaultEffectLoader.cpp */ = {isa = PBXFileReference; fileEncoding = 2147486209; lastKnownFileType = sourcecode.cpp.cpp; path = Effekseer.DefaultEffectLoader.cpp; sourceTree = "<group>"; };
		4861A2D6182F846200A8217D /* Effekseer.DefaultEffectLoader.h */ = {isa = PBXFileReference; fileEncoding = 2147486209; lastKnownFileType = sourcecode.c.h; path = Effekseer.DefaultEffectLoader.h; sourceTree = "<group>"; };
		4861A2D7182F846200A8217D /* Effekseer.DefaultFile.cpp */ = {isa = PBXFileReference; fileEncoding = 2147486209; lastKnownFileType = sourcecode.cpp.cpp; path = Effekseer.DefaultFile.cpp; sourceTree = "<group>"; };
		4861A2D8182F846200A8217D /* Effekseer.DefaultFile.h */ = {isa = PBXFileReference; fileEncoding = 2147486209; lastKnownFileType = sourcecode.c.h; path = Effekseer.DefaultFile.h; sourceTree = "<group>"; };
		4861A2D9182F846200A8217D /* Effekseer.Effect.cpp */ = {isa = PBXFileReference; fileEncoding = 2147486209; lastKnownFileType = sourcecode.cpp.cpp; path = Effekseer.Effect.cpp; sourceTree = "<group>"; };
		4861A2DA182F846200A8217D /* Effekseer.Effect.h */ = {isa = PBXFileReference; fileEncoding = 2147486209; lastKnownFileType = sourcecode.c.h; path = Effekseer.Effect.h; sourceTree = "<group>"; };
		4861A2DB182F846200A8217D /* Effekseer.EffectImplemented.h */ = {isa = PBXFileReference; fileEncoding = 2147486209; lastKnownFileType = sourcecode.c.h; path = Effekseer.EffectImplemented.h; sourceTree = "<group>"; };
		4861A2DC182F846200A8217D /* Effekseer.EffectLoader.h */ = {isa = PBXFileReference; fileEncoding = 2147486209; lastKnownFileType = sourcecode.c.h; path = Effekseer.EffectLoader.h; sourceTree = "<group>"; };
		4861A2DD182F846200A8217D /* Effekseer.EffectNode.cpp */ = {isa = PBXFileReference; fileEncoding = 2147486209; lastKnownFileType = sourcecode.cpp.cpp; path = Effekseer.EffectNode.cpp; sourceTree = "<group>"; };
		4861A2DE182F846200A8217D /* Effekseer.EffectNode.h */ = {isa = PBXFileReference; fileEncoding = 2147486209; lastKnownFileType = sourcecode.c.h; path = Effekseer.EffectNode.h; sourceTree = "<group>"; };
		4861A2DF182F846200A8217D /* Effekseer.EffectNodeModel.cpp */ = {isa = PBXFileReference; fileEncoding = 2147486209; lastKnownFileType = sourcecode.cpp.cpp; path = Effekseer.EffectNodeModel.cpp; sourceTree = "<group>"; };
		4861A2E0182F846200A8217D /* Effekseer.EffectNodeModel.h */ = {isa = PBXFileReference; fileEncoding = 2147486209; lastKnownFileType = sourcecode.c.h; path = Effekseer.EffectNodeModel.h; sourceTree = "<group>"; };
		4861A2E1182F846200A8217D /* Effekseer.EffectNodeRibbon.cpp */ = {isa = PBXFileReference; fileEncoding = 2147486209; lastKnownFileType = sourcecode.cpp.cpp; path = Effekseer.EffectNodeRibbon.cpp; sourceTree = "<group>"; };
		4861A2E2182F846200A8217D /* Effekseer.EffectNodeRibbon.h */ = {isa = PBXFileReference; fileEncoding = 2147486209; lastKnownFileType = sourcecode.c.h; path = Effekseer.EffectNodeRibbon.h; sourceTree = "<group>"; };
		4861A2E3182F846200A8217D /* Effekseer.EffectNodeRing.cpp */ = {isa = PBXFileReference; fileEncoding = 2147486209; lastKnownFileType = sourcecode.cpp.cpp; path = Effekseer.EffectNodeRing.cpp; sourceTree = "<group>"; };
		4861A2E4182F846200A8217D /* Effekseer.EffectNodeRing.h */ = {isa = PBXFileReference; fileEncoding = 2147486209; lastKnownFileType = sourcecode.c.h; path = Effekseer.EffectNodeRing.h; sourceTree = "<group>"; };
		4861A2E5182F846200A8217D /* Effekseer.EffectNodeRoot.cpp */ = {isa = PBXFileReference; fileEncoding = 2147486209; lastKnownFileType = sourcecode.cpp.cpp; path = Effekseer.EffectNodeRoot.cpp; sourceTree = "<group>"; };
		4861A2E6182F846200A8217D /* Effekseer.EffectNodeRoot.h */ = {isa = PBXFileReference; fileEncoding = 2147486209; lastKnownFileType = sourcecode.c.h; path = Effekseer.EffectNodeRoot.h; sourceTree = "<group>"; };
		4861A2E7182F846200A8217D /* Effekseer.EffectNodeSprite.cpp */ = {isa = PBXFileReference; fileEncoding = 2147486209; lastKnownFileType = sourcecode.cpp.cpp; path = Effekseer.EffectNodeSprite.cpp; sourceTree = "<group>"; };
		4861A2E8182F846200A8217D /* Effekseer.EffectNodeSprite.h */ = {isa = PBXFileReference; fileEncoding = 2147486209; lastKnownFileType = sourcecode.c.h; path = Effekseer.EffectNodeSprite.h; sourceTree = "<group>"; };
		4861A2E9182F846200A8217D /* Effekseer.EffectNodeTrack.cpp */ = {isa = PBXFileReference; fileEncoding = 2147486209; lastKnownFileType = sourcecode.cpp.cpp; path = Effekseer.EffectNodeTrack.cpp; sourceTree = "<group>"; };
		4861A2EA182F846200A8217D /* Effekseer.EffectNodeTrack.h */ = {isa = PBXFileReference; fileEncoding = 2147486209; lastKnownFileType = sourcecode.c.h; path = Effekseer.EffectNodeTrack.h; sourceTree = "<group>"; };
		4861A2EB182F846200A8217D /* Effekseer.FCurves.cpp */ = {isa = PBXFileReference; fileEncoding = 2147486209; lastKnownFileType = sourcecode.cpp.cpp; path = Effekseer.FCurves.cpp; sourceTree = "<group>"; };
		4861A2EC182F846200A8217D /* Effekseer.FCurves.h */ = {isa = PBXFileReference; fileEncoding = 2147486209; lastKnownFileType = sourcecode.c.h; path = Effekseer.FCurves.h; sourceTree = "<group>"; };
		4861A2ED182F846200A8217D /* Effekseer.File.h */ = {isa = PBXFileReference; fileEncoding = 2147486209; lastKnownFileType = sourcecode.c.h; path = Effekseer.File.h; sourceTree = "<group>"; };
		4861A2EE182F846200A8217D /* Effekseer.Instance.cpp */ = {isa = PBXFileReference; fileEncoding = 2147486209; lastKnownFileType = sourcecode.cpp.cpp; path = Effekseer.Instance.cpp; sourceTree = "<group>"; };
		4861A2EF182F846200A8217D /* Effekseer.Instance.h */ = {isa = PBXFileReference; fileEncoding = 2147486209; lastKnownFileType = sourcecode.c.h; path = Effekseer.Instance.h; sourceTree = "<group>"; };
		4861A2F0182F846200A8217D /* Effekseer.InstanceContainer.cpp */ = {isa = PBXFileReference; fileEncoding = 2147486209; lastKnownFileType = sourcecode.cpp.cpp; path = Effekseer.InstanceContainer.cpp; sourceTree = "<group>"; };
		4861A2F1182F846200A8217D /* Effekseer.InstanceContainer.h */ = {isa = PBXFileReference; fileEncoding = 2147486209; lastKnownFileType = sourcecode.c.h; path = Effekseer.InstanceContainer.h; sourceTree = "<group>"; };
		4861A2F2182F846200A8217D /* Effekseer.InstanceGlobal.cpp */ = {isa = PBXFileReference; fileEncoding = 2147486209; lastKnownFileType = sourcecode.cpp.cpp; path = Effekseer.InstanceGlobal.cpp; sourceTree = "<group>"; };
		4861A2F3182F846200A8217D /* Effekseer.InstanceGlobal.h */ = {isa = PBXFileReference; fileEncoding = 2147486209; lastKnownFileType = sourcecode.c.h; path = Effekseer.InstanceGlobal.h; sourceTree = "<group>"; };
		4861A2F4182F846200A8217D /* Effekseer.InstanceGroup.cpp */ = {isa = PBXFileReference; fileEncoding = 2147486209; lastKnownFileType = sourcecode.cpp.cpp; path = Effekseer.InstanceGroup.cpp; sourceTree = "<group>"; };
		4861A2F5182F846200A8217D /* Effekseer.InstanceGroup.h */ = {isa = PBXFileReference; fileEncoding = 2147486209; lastKnownFileType = sourcecode.c.h; path = Effekseer.InstanceGroup.h; sourceTree = "<group>"; };
		4861A2F6182F846200A8217D /* Effekseer.InternalStruct.h */ = {isa = PBXFileReference; fileEncoding = 2147486209; lastKnownFileType = sourcecode.c.h; path = Effekseer.InternalStruct.h; sourceTree = "<group>"; };
		4861A2F7182F846200A8217D /* Effekseer.Manager.cpp */ = {isa = PBXFileReference; fileEncoding = 2147486209; lastKnownFileType = sourcecode.cpp.cpp; path = Effekseer.Manager.cpp; sourceTree = "<group>"; };
		4861A2F8182F846200A8217D /* Effekseer.Manager.h */ = {isa = PBXFileReference; fileEncoding = 2147486209; lastKnownFileType = sourcecode.c.h; path = Effekseer.Manager.h; sourceTree = "<group>"; };
		4861A2F9182F846200A8217D /* Effekseer.ManagerImplemented.h */ = {isa = PBXFileReference; fileEncoding = 2147486209; lastKnownFileType = sourcecode.c.h; path = Effekseer.ManagerImplemented.h; sourceTree = "<group>"; };
		4861A2FA182F846200A8217D /* Effekseer.Matrix43.cpp */ = {isa = PBXFileReference; fileEncoding = 2147486209; lastKnownFileType = sourcecode.cpp.cpp; path = Effekseer.Matrix43.cpp; sourceTree = "<group>"; };
		4861A2FB182F846200A8217D /* Effekseer.Matrix43.h */ = {isa = PBXFileReference; fileEncoding = 2147486209; lastKnownFileType = sourcecode.c.h; path = Effekseer.Matrix43.h; sourceTree = "<group>"; };
		4861A2FC182F846200A8217D /* Effekseer.Matrix44.cpp */ = {isa = PBXFileReference; fileEncoding = 2147486209; lastKnownFileType = sourcecode.cpp.cpp; path = Effekseer.Matrix44.cpp; sourceTree = "<group>"; };
		4861A2FD182F846200A8217D /* Effekseer.Matrix44.h */ = {isa = PBXFileReference; fileEncoding = 2147486209; lastKnownFileType = sourcecode.c.h; path = Effekseer.Matrix44.h; sourceTree = "<group>"; };
		4861A2FE182F846200A8217D /* Effekseer.Model.h */ = {isa = PBXFileReference; fileEncoding = 2147486209; lastKnownFileType = sourcecode.c.h; path = Effekseer.Model.h; sourceTree = "<group>"; };
		4861A2FF182F846200A8217D /* Effekseer.ModelLoader.h */ = {isa = PBXFileReference; fileEncoding = 2147486209; lastKnownFileType = sourcecode.c.h; path = Effekseer.ModelLoader.h; sourceTree = "<group>"; };
		4861A300182F846200A8217D /* Effekseer.RectF.cpp */ = {isa = PBXFileReference; fileEncoding = 2147486209; lastKnownFileType = sourcecode.cpp.cpp; path = Effekseer.RectF.cpp; sourceTree = "<group>"; };
		4861A301182F846200A8217D /* Effekseer.RectF.h */ = {isa = PBXFileReference; fileEncoding = 2147486209; lastKnownFileType = sourcecode.c.h; path = Effekseer.RectF.h; sourceTree = "<group>"; };
		4861A302182F846200A8217D /* Effekseer.Server.cpp */ = {isa = PBXFileReference; fileEncoding = 2147486209; lastKnownFileType = sourcecode.cpp.cpp; path = Effekseer.Server.cpp; sourceTree = "<group>"; };
		4861A303182F846200A8217D /* Effekseer.Server.h */ = {isa = PBXFileReference; fileEncoding = 2147486209; lastKnownFileType = sourcecode.c.h; path = Effekseer.Server.h; sourceTree = "<group>"; };
		4861A304182F846200A8217D /* Effekseer.ServerImplemented.h */ = {isa = PBXFileReference; fileEncoding = 2147486209; lastKnownFileType = sourcecode.c.h; path = Effekseer.ServerImplemented.h; sourceTree = "<group>"; };
		4861A305182F846200A8217D /* Effekseer.Socket.cpp */ = {isa = PBXFileReference; fileEncoding = 2147486209; lastKnownFileType = sourcecode.cpp.cpp; path = Effekseer.Socket.cpp; sourceTree = "<group>"; };
		4861A306182F846200A8217D /* Effekseer.Socket.h */ = {isa = PBXFileReference; fileEncoding = 2147486209; lastKnownFileType = sourcecode.c.h; path = Effekseer.Socket.h; sourceTree = "<group>"; };
		4861A307182F846200A8217D /* Effekseer.SoundLoader.h */ = {isa = PBXFileReference; fileEncoding = 2147486209; lastKnownFileType = sourcecode.c.h; path = Effekseer.SoundLoader.h; sourceTree = "<group>"; };
		4861A308182F846200A8217D /* Effekseer.TextureLoader.h */ = {isa = PBXFileReference; fileEncoding = 2147486209; lastKnownFileType = sourcecode.c.h; path = Effekseer.TextureLoader.h; sourceTree = "<group>"; };
		4861A309182F846200A8217D /* Effekseer.Thread.cpp */ = {isa = PBXFileReference; fileEncoding = 2147486209; lastKnownFileType = sourcecode.cpp.cpp; path = Effekseer.Thread.cpp; sourceTree = "<group>"; };
		4861A30A182F846200A8217D /* Effekseer.Thread.h */ = {isa = PBXFileReference; fileEncoding = 2147486209; lastKnownFileType = sourcecode.c.h; path = Effekseer.Thread.h; sourceTree = "<group>"; };
		4861A30B182F846200A8217D /* Effekseer.Vector2D.cpp */ = {isa = PBXFileReference; fileEncoding = 2147486209; lastKnownFileType = sourcecode.cpp.cpp; path = Effekseer.Vector2D.cpp; sourceTree = "<group>"; };
		4861A30C182F846200A8217D /* Effekseer.Vector2D.h */ = {isa = PBXFileReference; fileEncoding = 2147486209; lastKnownFileType = sourcecode.c.h; path = Effekseer.Vector2D.h; sourceTree = "<group>"; };
		4861A30D182F846200A8217D /* Effekseer.Vector3D.cpp */ = {isa = PBXFileReference; fileEncoding = 2147486209; lastKnownFileType = sourcecode.cpp.cpp; path = Effekseer.Vector3D.cpp; sourceTree = "<group>"; };
		4861A30E182F846200A8217D /* Effekseer.Vector3D.h */ = {isa = PBXFileReference; fileEncoding = 2147486209; lastKnownFileType = sourcecode.c.h; path = Effekseer.Vector3D.h; sourceTree = "<group>"; };
		4861A310182F846200A8217D /* Effekseer.ModelRenderer.h */ = {isa = PBXFileReference; fileEncoding = 4; lastKnownFileType = sourcecode.c.h; path = Effekseer.ModelRenderer.h; sourceTree = "<group>"; };
		4861A311182F846200A8217D /* Effekseer.ParticleRenderer.h */ = {isa = PBXFileReference; fileEncoding = 4; lastKnownFileType = sourcecode.c.h; path = Effekseer.ParticleRenderer.h; sourceTree = "<group>"; };
		4861A312182F846200A8217D /* Effekseer.RibbonRenderer.h */ = {isa = PBXFileReference; fileEncoding = 4; lastKnownFileType = sourcecode.c.h; path = Effekseer.RibbonRenderer.h; sourceTree = "<group>"; };
		4861A313182F846200A8217D /* Effekseer.RingRenderer.h */ = {isa = PBXFileReference; fileEncoding = 4; lastKnownFileType = sourcecode.c.h; path = Effekseer.RingRenderer.h; sourceTree = "<group>"; };
		4861A314182F846200A8217D /* Effekseer.SpriteRenderer.h */ = {isa = PBXFileReference; fileEncoding = 4; lastKnownFileType = sourcecode.c.h; path = Effekseer.SpriteRenderer.h; sourceTree = "<group>"; };
		4861A315182F846200A8217D /* Effekseer.TrackRenderer.h */ = {isa = PBXFileReference; fileEncoding = 4; lastKnownFileType = sourcecode.c.h; path = Effekseer.TrackRenderer.h; sourceTree = "<group>"; };
		4861A317182F846200A8217D /* Effekseer.SoundPlayer.h */ = {isa = PBXFileReference; fileEncoding = 4; lastKnownFileType = sourcecode.c.h; path = Effekseer.SoundPlayer.h; sourceTree = "<group>"; };
		4861A334182F847100A8217D /* EffekseerRenderer.IndexBufferBase.cpp */ = {isa = PBXFileReference; fileEncoding = 2147486209; lastKnownFileType = sourcecode.cpp.cpp; path = EffekseerRenderer.IndexBufferBase.cpp; sourceTree = "<group>"; };
		4861A335182F847100A8217D /* EffekseerRenderer.IndexBufferBase.h */ = {isa = PBXFileReference; fileEncoding = 2147486209; lastKnownFileType = sourcecode.c.h; path = EffekseerRenderer.IndexBufferBase.h; sourceTree = "<group>"; };
		4861A336182F847100A8217D /* EffekseerRenderer.ModelRendererBase.cpp */ = {isa = PBXFileReference; fileEncoding = 2147486209; lastKnownFileType = sourcecode.cpp.cpp; path = EffekseerRenderer.ModelRendererBase.cpp; sourceTree = "<group>"; };
		4861A337182F847100A8217D /* EffekseerRenderer.ModelRendererBase.h */ = {isa = PBXFileReference; fileEncoding = 2147486209; lastKnownFileType = sourcecode.c.h; path = EffekseerRenderer.ModelRendererBase.h; sourceTree = "<group>"; };
		4861A338182F847100A8217D /* EffekseerRenderer.RenderStateBase.cpp */ = {isa = PBXFileReference; fileEncoding = 2147486209; lastKnownFileType = sourcecode.cpp.cpp; path = EffekseerRenderer.RenderStateBase.cpp; sourceTree = "<group>"; };
		4861A339182F847100A8217D /* EffekseerRenderer.RenderStateBase.h */ = {isa = PBXFileReference; fileEncoding = 2147486209; lastKnownFileType = sourcecode.c.h; path = EffekseerRenderer.RenderStateBase.h; sourceTree = "<group>"; };
		4861A33A182F847100A8217D /* EffekseerRenderer.RibbonRendererBase.cpp */ = {isa = PBXFileReference; fileEncoding = 2147486209; lastKnownFileType = sourcecode.cpp.cpp; path = EffekseerRenderer.RibbonRendererBase.cpp; sourceTree = "<group>"; };
		4861A33B182F847100A8217D /* EffekseerRenderer.RibbonRendererBase.h */ = {isa = PBXFileReference; fileEncoding = 2147486209; lastKnownFileType = sourcecode.c.h; path = EffekseerRenderer.RibbonRendererBase.h; sourceTree = "<group>"; };
		4861A33C182F847100A8217D /* EffekseerRenderer.RingRendererBase.cpp */ = {isa = PBXFileReference; fileEncoding = 2147486209; lastKnownFileType = sourcecode.cpp.cpp; path = EffekseerRenderer.RingRendererBase.cpp; sourceTree = "<group>"; };
		4861A33D182F847100A8217D /* EffekseerRenderer.RingRendererBase.h */ = {isa = PBXFileReference; fileEncoding = 2147486209; lastKnownFileType = sourcecode.c.h; path = EffekseerRenderer.RingRendererBase.h; sourceTree = "<group>"; };
		4861A33E182F847100A8217D /* EffekseerRenderer.SpriteRendererBase.cpp */ = {isa = PBXFileReference; fileEncoding = 2147486209; lastKnownFileType = sourcecode.cpp.cpp; path = EffekseerRenderer.SpriteRendererBase.cpp; sourceTree = "<group>"; };
		4861A33F182F847100A8217D /* EffekseerRenderer.SpriteRendererBase.h */ = {isa = PBXFileReference; fileEncoding = 2147486209; lastKnownFileType = sourcecode.c.h; path = EffekseerRenderer.SpriteRendererBase.h; sourceTree = "<group>"; };
		4861A340182F847100A8217D /* EffekseerRenderer.TrackRendererBase.cpp */ = {isa = PBXFileReference; fileEncoding = 2147486209; lastKnownFileType = sourcecode.cpp.cpp; path = EffekseerRenderer.TrackRendererBase.cpp; sourceTree = "<group>"; };
		4861A341182F847100A8217D /* EffekseerRenderer.TrackRendererBase.h */ = {isa = PBXFileReference; fileEncoding = 2147486209; lastKnownFileType = sourcecode.c.h; path = EffekseerRenderer.TrackRendererBase.h; sourceTree = "<group>"; };
		4861A342182F847100A8217D /* EffekseerRenderer.VertexBufferBase.cpp */ = {isa = PBXFileReference; fileEncoding = 2147486209; lastKnownFileType = sourcecode.cpp.cpp; path = EffekseerRenderer.VertexBufferBase.cpp; sourceTree = "<group>"; };
		4861A343182F847100A8217D /* EffekseerRenderer.VertexBufferBase.h */ = {isa = PBXFileReference; fileEncoding = 2147486209; lastKnownFileType = sourcecode.c.h; path = EffekseerRenderer.VertexBufferBase.h; sourceTree = "<group>"; };
		4861A3B3182FA2A400A8217D /* EffekseerRendererGL.h */ = {isa = PBXFileReference; fileEncoding = 2147486209; lastKnownFileType = sourcecode.c.h; name = EffekseerRendererGL.h; path = ../../EffekseerRendererGL/EffekseerRendererGL.h; sourceTree = "<group>"; };
		4861A3B4182FB42100A8217D /* OpenGL.framework */ = {isa = PBXFileReference; lastKnownFileType = wrapper.framework; name = OpenGL.framework; path = System/Library/Frameworks/OpenGL.framework; sourceTree = SDKROOT; };
		4861A3D0182FBAAA00A8217D /* libpng.a */ = {isa = PBXFileReference; lastKnownFileType = archive.ar; name = libpng.a; path = ../../EffekseerRendererGL/libpng/lib/osx_32bit/libpng.a; sourceTree = "<group>"; };
		4861A3F1182FBB7100A8217D /* libz.a */ = {isa = PBXFileReference; lastKnownFileType = archive.ar; name = libz.a; path = ../../EffekseerRendererGL/libpng/lib/osx_32bit/libz.a; sourceTree = "<group>"; };
		4861A3F8182FDB9300A8217D /* Effekseer.h */ = {isa = PBXFileReference; fileEncoding = 2147486209; lastKnownFileType = sourcecode.c.h; name = Effekseer.h; path = ../../Effekseer/Effekseer.h; sourceTree = "<group>"; };
		48B43FE4182F76F100B849F5 /* EffekseerUnity.bundle */ = {isa = PBXFileReference; explicitFileType = wrapper.cfbundle; includeInIndex = 0; path = EffekseerUnity.bundle; sourceTree = BUILT_PRODUCTS_DIR; };
		48B43FE7182F76F100B849F5 /* CoreFoundation.framework */ = {isa = PBXFileReference; lastKnownFileType = wrapper.framework; name = CoreFoundation.framework; path = System/Library/Frameworks/CoreFoundation.framework; sourceTree = SDKROOT; };
		48B44004182F781400B849F5 /* EffekseerPluginOSX.cpp */ = {isa = PBXFileReference; fileEncoding = 4; lastKnownFileType = sourcecode.cpp.cpp; path = EffekseerPluginOSX.cpp; sourceTree = SOURCE_ROOT; };
		682EBB9719F57670007914D7 /* libz.1.2.5.dylib */ = {isa = PBXFileReference; lastKnownFileType = "compiled.mach-o.dylib"; name = libz.1.2.5.dylib; path = usr/lib/libz.1.2.5.dylib; sourceTree = SDKROOT; };
		684C1EFF19F60B2100E32FEC /* EffekseerSoundAL.Sound.cpp */ = {isa = PBXFileReference; fileEncoding = 4; lastKnownFileType = sourcecode.cpp.cpp; path = EffekseerSoundAL.Sound.cpp; sourceTree = "<group>"; };
		684C1F0019F60B2100E32FEC /* EffekseerSoundAL.SoundImplemented.h */ = {isa = PBXFileReference; fileEncoding = 4; lastKnownFileType = sourcecode.c.h; path = EffekseerSoundAL.SoundImplemented.h; sourceTree = "<group>"; };
		684C1F0119F60B2100E32FEC /* EffekseerSoundAL.SoundLoader.cpp */ = {isa = PBXFileReference; fileEncoding = 4; lastKnownFileType = sourcecode.cpp.cpp; path = EffekseerSoundAL.SoundLoader.cpp; sourceTree = "<group>"; };
		684C1F0219F60B2100E32FEC /* EffekseerSoundAL.SoundLoader.h */ = {isa = PBXFileReference; fileEncoding = 4; lastKnownFileType = sourcecode.c.h; path = EffekseerSoundAL.SoundLoader.h; sourceTree = "<group>"; };
		684C1F0319F60B2100E32FEC /* EffekseerSoundAL.SoundPlayer.cpp */ = {isa = PBXFileReference; fileEncoding = 4; lastKnownFileType = sourcecode.cpp.cpp; path = EffekseerSoundAL.SoundPlayer.cpp; sourceTree = "<group>"; };
		684C1F0419F60B2100E32FEC /* EffekseerSoundAL.SoundPlayer.h */ = {isa = PBXFileReference; fileEncoding = 4; lastKnownFileType = sourcecode.c.h; path = EffekseerSoundAL.SoundPlayer.h; sourceTree = "<group>"; };
		684C1F0519F60B2100E32FEC /* EffekseerSoundAL.SoundVoice.cpp */ = {isa = PBXFileReference; fileEncoding = 4; lastKnownFileType = sourcecode.cpp.cpp; path = EffekseerSoundAL.SoundVoice.cpp; sourceTree = "<group>"; };
		684C1F0619F60B2100E32FEC /* EffekseerSoundAL.SoundVoice.h */ = {isa = PBXFileReference; fileEncoding = 4; lastKnownFileType = sourcecode.c.h; path = EffekseerSoundAL.SoundVoice.h; sourceTree = "<group>"; };
		684C1F0B19F60B5200E32FEC /* EffekseerSoundAL.h */ = {isa = PBXFileReference; lastKnownFileType = sourcecode.c.h; name = EffekseerSoundAL.h; path = ../../EffekseerSoundAL/EffekseerSoundAL.h; sourceTree = "<group>"; };
		684C1F1419F60DA300E32FEC /* al.h */ = {isa = PBXFileReference; fileEncoding = 4; lastKnownFileType = sourcecode.c.h; path = al.h; sourceTree = "<group>"; };
		684C1F1519F60DA300E32FEC /* alc.h */ = {isa = PBXFileReference; fileEncoding = 4; lastKnownFileType = sourcecode.c.h; path = alc.h; sourceTree = "<group>"; };
		684C1F1619F60DA300E32FEC /* efx-creative.h */ = {isa = PBXFileReference; fileEncoding = 4; lastKnownFileType = sourcecode.c.h; path = "efx-creative.h"; sourceTree = "<group>"; };
		684C1F1719F60DA300E32FEC /* EFX-Util.h */ = {isa = PBXFileReference; fileEncoding = 4; lastKnownFileType = sourcecode.c.h; path = "EFX-Util.h"; sourceTree = "<group>"; };
		684C1F1819F60DA300E32FEC /* efx.h */ = {isa = PBXFileReference; fileEncoding = 4; lastKnownFileType = sourcecode.c.h; path = efx.h; sourceTree = "<group>"; };
		684C1F1919F60DA300E32FEC /* xram.h */ = {isa = PBXFileReference; fileEncoding = 4; lastKnownFileType = sourcecode.c.h; path = xram.h; sourceTree = "<group>"; };
		684C1F1D19F60DA300E32FEC /* EFX-Util.lib */ = {isa = PBXFileReference; lastKnownFileType = archive.ar; path = "EFX-Util.lib"; sourceTree = "<group>"; };
		684C1F1F19F60DA300E32FEC /* EFX-Util.lib */ = {isa = PBXFileReference; lastKnownFileType = archive.ar; path = "EFX-Util.lib"; sourceTree = "<group>"; };
		684C1F2019F60DA300E32FEC /* OpenAL32.lib */ = {isa = PBXFileReference; lastKnownFileType = archive.ar; path = OpenAL32.lib; sourceTree = "<group>"; };
		684C1F2319F60DA300E32FEC /* EFX-Util.lib */ = {isa = PBXFileReference; lastKnownFileType = archive.ar; path = "EFX-Util.lib"; sourceTree = "<group>"; };
		684C1F2519F60DA300E32FEC /* EFX-Util.lib */ = {isa = PBXFileReference; lastKnownFileType = archive.ar; path = "EFX-Util.lib"; sourceTree = "<group>"; };
		684C1F2619F60DA300E32FEC /* OpenAL32.lib */ = {isa = PBXFileReference; lastKnownFileType = archive.ar; path = OpenAL32.lib; sourceTree = "<group>"; };
		684C1F2E19F6106D00E32FEC /* EffekseerRendererGL.Base.h */ = {isa = PBXFileReference; fileEncoding = 4; lastKnownFileType = sourcecode.c.h; path = EffekseerRendererGL.Base.h; sourceTree = "<group>"; };
		684C1F2F19F6106D00E32FEC /* EffekseerRendererGL.Base.Pre.h */ = {isa = PBXFileReference; fileEncoding = 4; lastKnownFileType = sourcecode.c.h; path = EffekseerRendererGL.Base.Pre.h; sourceTree = "<group>"; };
		684C1F3019F6106D00E32FEC /* EffekseerRendererGL.DeviceObject.cpp */ = {isa = PBXFileReference; fileEncoding = 4; lastKnownFileType = sourcecode.cpp.cpp; path = EffekseerRendererGL.DeviceObject.cpp; sourceTree = "<group>"; };
		684C1F3119F6106D00E32FEC /* EffekseerRendererGL.DeviceObject.h */ = {isa = PBXFileReference; fileEncoding = 4; lastKnownFileType = sourcecode.c.h; path = EffekseerRendererGL.DeviceObject.h; sourceTree = "<group>"; };
		684C1F3219F6106D00E32FEC /* EffekseerRendererGL.GLExtension.cpp */ = {isa = PBXFileReference; fileEncoding = 4; lastKnownFileType = sourcecode.cpp.cpp; path = EffekseerRendererGL.GLExtension.cpp; sourceTree = "<group>"; };
		684C1F3319F6106D00E32FEC /* EffekseerRendererGL.GLExtension.h */ = {isa = PBXFileReference; fileEncoding = 4; lastKnownFileType = sourcecode.c.h; path = EffekseerRendererGL.GLExtension.h; sourceTree = "<group>"; };
		684C1F3419F6106D00E32FEC /* EffekseerRendererGL.IndexBuffer.cpp */ = {isa = PBXFileReference; fileEncoding = 4; lastKnownFileType = sourcecode.cpp.cpp; path = EffekseerRendererGL.IndexBuffer.cpp; sourceTree = "<group>"; };
		684C1F3519F6106D00E32FEC /* EffekseerRendererGL.IndexBuffer.h */ = {isa = PBXFileReference; fileEncoding = 4; lastKnownFileType = sourcecode.c.h; path = EffekseerRendererGL.IndexBuffer.h; sourceTree = "<group>"; };
		684C1F3619F6106D00E32FEC /* EffekseerRendererGL.ModelLoader.cpp */ = {isa = PBXFileReference; fileEncoding = 4; lastKnownFileType = sourcecode.cpp.cpp; path = EffekseerRendererGL.ModelLoader.cpp; sourceTree = "<group>"; };
		684C1F3719F6106D00E32FEC /* EffekseerRendererGL.ModelLoader.h */ = {isa = PBXFileReference; fileEncoding = 4; lastKnownFileType = sourcecode.c.h; path = EffekseerRendererGL.ModelLoader.h; sourceTree = "<group>"; };
		684C1F3819F6106D00E32FEC /* EffekseerRendererGL.ModelRenderer.cpp */ = {isa = PBXFileReference; fileEncoding = 4; lastKnownFileType = sourcecode.cpp.cpp; path = EffekseerRendererGL.ModelRenderer.cpp; sourceTree = "<group>"; };
		684C1F3919F6106D00E32FEC /* EffekseerRendererGL.ModelRenderer.h */ = {isa = PBXFileReference; fileEncoding = 4; lastKnownFileType = sourcecode.c.h; path = EffekseerRendererGL.ModelRenderer.h; sourceTree = "<group>"; };
		684C1F3A19F6106D00E32FEC /* EffekseerRendererGL.Renderer.cpp */ = {isa = PBXFileReference; fileEncoding = 4; lastKnownFileType = sourcecode.cpp.cpp; path = EffekseerRendererGL.Renderer.cpp; sourceTree = "<group>"; };
		684C1F3B19F6106D00E32FEC /* EffekseerRendererGL.Renderer.h */ = {isa = PBXFileReference; fileEncoding = 4; lastKnownFileType = sourcecode.c.h; path = EffekseerRendererGL.Renderer.h; sourceTree = "<group>"; };
		684C1F3C19F6106D00E32FEC /* EffekseerRendererGL.RendererImplemented.h */ = {isa = PBXFileReference; fileEncoding = 4; lastKnownFileType = sourcecode.c.h; path = EffekseerRendererGL.RendererImplemented.h; sourceTree = "<group>"; };
		684C1F3D19F6106D00E32FEC /* EffekseerRendererGL.RenderState.cpp */ = {isa = PBXFileReference; fileEncoding = 4; lastKnownFileType = sourcecode.cpp.cpp; path = EffekseerRendererGL.RenderState.cpp; sourceTree = "<group>"; };
		684C1F3E19F6106D00E32FEC /* EffekseerRendererGL.RenderState.h */ = {isa = PBXFileReference; fileEncoding = 4; lastKnownFileType = sourcecode.c.h; path = EffekseerRendererGL.RenderState.h; sourceTree = "<group>"; };
		684C1F3F19F6106D00E32FEC /* EffekseerRendererGL.RibbonRenderer.cpp */ = {isa = PBXFileReference; fileEncoding = 4; lastKnownFileType = sourcecode.cpp.cpp; path = EffekseerRendererGL.RibbonRenderer.cpp; sourceTree = "<group>"; };
		684C1F4019F6106D00E32FEC /* EffekseerRendererGL.RibbonRenderer.h */ = {isa = PBXFileReference; fileEncoding = 4; lastKnownFileType = sourcecode.c.h; path = EffekseerRendererGL.RibbonRenderer.h; sourceTree = "<group>"; };
		684C1F4119F6106D00E32FEC /* EffekseerRendererGL.RingRenderer.cpp */ = {isa = PBXFileReference; fileEncoding = 4; lastKnownFileType = sourcecode.cpp.cpp; path = EffekseerRendererGL.RingRenderer.cpp; sourceTree = "<group>"; };
		684C1F4219F6106D00E32FEC /* EffekseerRendererGL.RingRenderer.h */ = {isa = PBXFileReference; fileEncoding = 4; lastKnownFileType = sourcecode.c.h; path = EffekseerRendererGL.RingRenderer.h; sourceTree = "<group>"; };
		684C1F4319F6106D00E32FEC /* EffekseerRendererGL.Shader.cpp */ = {isa = PBXFileReference; fileEncoding = 4; lastKnownFileType = sourcecode.cpp.cpp; path = EffekseerRendererGL.Shader.cpp; sourceTree = "<group>"; };
		684C1F4419F6106D00E32FEC /* EffekseerRendererGL.Shader.h */ = {isa = PBXFileReference; fileEncoding = 4; lastKnownFileType = sourcecode.c.h; path = EffekseerRendererGL.Shader.h; sourceTree = "<group>"; };
		684C1F4519F6106D00E32FEC /* EffekseerRendererGL.SpriteRenderer.cpp */ = {isa = PBXFileReference; fileEncoding = 4; lastKnownFileType = sourcecode.cpp.cpp; path = EffekseerRendererGL.SpriteRenderer.cpp; sourceTree = "<group>"; };
		684C1F4619F6106D00E32FEC /* EffekseerRendererGL.SpriteRenderer.h */ = {isa = PBXFileReference; fileEncoding = 4; lastKnownFileType = sourcecode.c.h; path = EffekseerRendererGL.SpriteRenderer.h; sourceTree = "<group>"; };
		684C1F4719F6106D00E32FEC /* EffekseerRendererGL.TextureLoader.cpp */ = {isa = PBXFileReference; fileEncoding = 4; lastKnownFileType = sourcecode.cpp.cpp; path = EffekseerRendererGL.TextureLoader.cpp; sourceTree = "<group>"; };
		684C1F4819F6106D00E32FEC /* EffekseerRendererGL.TextureLoader.h */ = {isa = PBXFileReference; fileEncoding = 4; lastKnownFileType = sourcecode.c.h; path = EffekseerRendererGL.TextureLoader.h; sourceTree = "<group>"; };
		684C1F4919F6106D00E32FEC /* EffekseerRendererGL.TrackRenderer.cpp */ = {isa = PBXFileReference; fileEncoding = 4; lastKnownFileType = sourcecode.cpp.cpp; path = EffekseerRendererGL.TrackRenderer.cpp; sourceTree = "<group>"; };
		684C1F4A19F6106D00E32FEC /* EffekseerRendererGL.TrackRenderer.h */ = {isa = PBXFileReference; fileEncoding = 4; lastKnownFileType = sourcecode.c.h; path = EffekseerRendererGL.TrackRenderer.h; sourceTree = "<group>"; };
		684C1F4B19F6106D00E32FEC /* EffekseerRendererGL.VertexBuffer.cpp */ = {isa = PBXFileReference; fileEncoding = 4; lastKnownFileType = sourcecode.cpp.cpp; path = EffekseerRendererGL.VertexBuffer.cpp; sourceTree = "<group>"; };
		684C1F4C19F6106D00E32FEC /* EffekseerRendererGL.VertexBuffer.h */ = {isa = PBXFileReference; fileEncoding = 4; lastKnownFileType = sourcecode.c.h; path = EffekseerRendererGL.VertexBuffer.h; sourceTree = "<group>"; };
		684C1F4D19F6106D00E32FEC /* EffekseerRendererGL.h */ = {isa = PBXFileReference; fileEncoding = 4; lastKnownFileType = sourcecode.c.h; name = EffekseerRendererGL.h; path = ../../EffekseerRendererGL/EffekseerRendererGL.h; sourceTree = "<group>"; };
		684C1F5119F6106D00E32FEC /* glew.h */ = {isa = PBXFileReference; fileEncoding = 4; lastKnownFileType = sourcecode.c.h; path = glew.h; sourceTree = "<group>"; };
		684C1F5219F6106D00E32FEC /* glxew.h */ = {isa = PBXFileReference; fileEncoding = 4; lastKnownFileType = sourcecode.c.h; path = glxew.h; sourceTree = "<group>"; };
		684C1F5319F6106D00E32FEC /* wglew.h */ = {isa = PBXFileReference; fileEncoding = 4; lastKnownFileType = sourcecode.c.h; path = wglew.h; sourceTree = "<group>"; };
		684C1F5619F6106D00E32FEC /* glew32s.lib */ = {isa = PBXFileReference; lastKnownFileType = archive.ar; path = glew32s.lib; sourceTree = "<group>"; };
		684C1F5919F6106D00E32FEC /* png.h */ = {isa = PBXFileReference; fileEncoding = 4; lastKnownFileType = sourcecode.c.h; path = png.h; sourceTree = "<group>"; };
		684C1F5A19F6106D00E32FEC /* pngconf.h */ = {isa = PBXFileReference; fileEncoding = 4; lastKnownFileType = sourcecode.c.h; path = pngconf.h; sourceTree = "<group>"; };
		684C1F5B19F6106D00E32FEC /* zconf.h */ = {isa = PBXFileReference; fileEncoding = 4; lastKnownFileType = sourcecode.c.h; path = zconf.h; sourceTree = "<group>"; };
		684C1F5C19F6106D00E32FEC /* zlib.h */ = {isa = PBXFileReference; fileEncoding = 4; lastKnownFileType = sourcecode.c.h; path = zlib.h; sourceTree = "<group>"; };
		684C1F6019F6106D00E32FEC /* libpng.lib */ = {isa = PBXFileReference; lastKnownFileType = archive.ar; path = libpng.lib; sourceTree = "<group>"; };
		684C1F6119F6106D00E32FEC /* zlib.lib */ = {isa = PBXFileReference; lastKnownFileType = archive.ar; path = zlib.lib; sourceTree = "<group>"; };
/* End PBXFileReference section */

/* Begin PBXFrameworksBuildPhase section */
		48B43FE1182F76F000B849F5 /* Frameworks */ = {
			isa = PBXFrameworksBuildPhase;
			buildActionMask = 2147483647;
			files = (
				684C1F7019F6106D00E32FEC /* glew32s.lib in Frameworks */,
				4861A2C9182F841700A8217D /* OpenAL.framework in Frameworks */,
				684C1F2B19F60DA300E32FEC /* EFX-Util.lib in Frameworks */,
				682EBB9819F57670007914D7 /* libz.1.2.5.dylib in Frameworks */,
				4861A3B5182FB42100A8217D /* OpenGL.framework in Frameworks */,
				48B43FE8182F76F100B849F5 /* CoreFoundation.framework in Frameworks */,
				684C1F2C19F60DA300E32FEC /* OpenAL32.lib in Frameworks */,
				4861A3D2182FBAAA00A8217D /* libpng.a in Frameworks */,
				684C1F2919F60DA300E32FEC /* OpenAL32.lib in Frameworks */,
				684C1F7219F6106D00E32FEC /* zlib.lib in Frameworks */,
				4861A3F2182FBB7100A8217D /* libz.a in Frameworks */,
				684C1F2719F60DA300E32FEC /* EFX-Util.lib in Frameworks */,
				684C1F7119F6106D00E32FEC /* libpng.lib in Frameworks */,
				684C1F2819F60DA300E32FEC /* EFX-Util.lib in Frameworks */,
				684C1F2A19F60DA300E32FEC /* EFX-Util.lib in Frameworks */,
			);
			runOnlyForDeploymentPostprocessing = 0;
		};
/* End PBXFrameworksBuildPhase section */

/* Begin PBXGroup section */
		4861A2CA182F845000A8217D /* Effekseer */ = {
			isa = PBXGroup;
			children = (
				684C1F2D19F6106D00E32FEC /* EffekseerRenderer */,
				684C1F4D19F6106D00E32FEC /* EffekseerRendererGL.h */,
				684C1F4E19F6106D00E32FEC /* glew */,
				684C1F5719F6106D00E32FEC /* libpng */,
				684C1F1119F60DA300E32FEC /* AL */,
				684C1F0B19F60B5200E32FEC /* EffekseerSoundAL.h */,
				684C1EFE19F60B2100E32FEC /* EffekseerSound */,
				4861A3F8182FDB9300A8217D /* Effekseer.h */,
				4861A3B3182FA2A400A8217D /* EffekseerRendererGL.h */,
				4861A333182F847100A8217D /* EffekseerRendererCommon */,
				4861A2CB182F846200A8217D /* Effekseer */,
			);
			name = Effekseer;
			sourceTree = "<group>";
		};
		4861A2CB182F846200A8217D /* Effekseer */ = {
			isa = PBXGroup;
			children = (
				4861A2CC182F846200A8217D /* Effekseer.Base.h */,
				4861A2CD182F846200A8217D /* Effekseer.Base.Pre.h */,
				4861A2CE182F846200A8217D /* Effekseer.Client.cpp */,
				4861A2CF182F846200A8217D /* Effekseer.Client.h */,
				4861A2D0182F846200A8217D /* Effekseer.ClientImplemented.h */,
				4861A2D1182F846200A8217D /* Effekseer.Color.cpp */,
				4861A2D2182F846200A8217D /* Effekseer.Color.h */,
				4861A2D3182F846200A8217D /* Effekseer.CriticalSection.cpp */,
				4861A2D4182F846200A8217D /* Effekseer.CriticalSection.h */,
				4861A2D5182F846200A8217D /* Effekseer.DefaultEffectLoader.cpp */,
				4861A2D6182F846200A8217D /* Effekseer.DefaultEffectLoader.h */,
				4861A2D7182F846200A8217D /* Effekseer.DefaultFile.cpp */,
				4861A2D8182F846200A8217D /* Effekseer.DefaultFile.h */,
				4861A2D9182F846200A8217D /* Effekseer.Effect.cpp */,
				4861A2DA182F846200A8217D /* Effekseer.Effect.h */,
				4861A2DB182F846200A8217D /* Effekseer.EffectImplemented.h */,
				4861A2DC182F846200A8217D /* Effekseer.EffectLoader.h */,
				4861A2DD182F846200A8217D /* Effekseer.EffectNode.cpp */,
				4861A2DE182F846200A8217D /* Effekseer.EffectNode.h */,
				4861A2DF182F846200A8217D /* Effekseer.EffectNodeModel.cpp */,
				4861A2E0182F846200A8217D /* Effekseer.EffectNodeModel.h */,
				4861A2E1182F846200A8217D /* Effekseer.EffectNodeRibbon.cpp */,
				4861A2E2182F846200A8217D /* Effekseer.EffectNodeRibbon.h */,
				4861A2E3182F846200A8217D /* Effekseer.EffectNodeRing.cpp */,
				4861A2E4182F846200A8217D /* Effekseer.EffectNodeRing.h */,
				4861A2E5182F846200A8217D /* Effekseer.EffectNodeRoot.cpp */,
				4861A2E6182F846200A8217D /* Effekseer.EffectNodeRoot.h */,
				4861A2E7182F846200A8217D /* Effekseer.EffectNodeSprite.cpp */,
				4861A2E8182F846200A8217D /* Effekseer.EffectNodeSprite.h */,
				4861A2E9182F846200A8217D /* Effekseer.EffectNodeTrack.cpp */,
				4861A2EA182F846200A8217D /* Effekseer.EffectNodeTrack.h */,
				4861A2EB182F846200A8217D /* Effekseer.FCurves.cpp */,
				4861A2EC182F846200A8217D /* Effekseer.FCurves.h */,
				4861A2ED182F846200A8217D /* Effekseer.File.h */,
				4861A2EE182F846200A8217D /* Effekseer.Instance.cpp */,
				4861A2EF182F846200A8217D /* Effekseer.Instance.h */,
				4861A2F0182F846200A8217D /* Effekseer.InstanceContainer.cpp */,
				4861A2F1182F846200A8217D /* Effekseer.InstanceContainer.h */,
				4861A2F2182F846200A8217D /* Effekseer.InstanceGlobal.cpp */,
				4861A2F3182F846200A8217D /* Effekseer.InstanceGlobal.h */,
				4861A2F4182F846200A8217D /* Effekseer.InstanceGroup.cpp */,
				4861A2F5182F846200A8217D /* Effekseer.InstanceGroup.h */,
				4861A2F6182F846200A8217D /* Effekseer.InternalStruct.h */,
				4861A2F7182F846200A8217D /* Effekseer.Manager.cpp */,
				4861A2F8182F846200A8217D /* Effekseer.Manager.h */,
				4861A2F9182F846200A8217D /* Effekseer.ManagerImplemented.h */,
				4861A2FA182F846200A8217D /* Effekseer.Matrix43.cpp */,
				4861A2FB182F846200A8217D /* Effekseer.Matrix43.h */,
				4861A2FC182F846200A8217D /* Effekseer.Matrix44.cpp */,
				4861A2FD182F846200A8217D /* Effekseer.Matrix44.h */,
				4861A2FE182F846200A8217D /* Effekseer.Model.h */,
				4861A2FF182F846200A8217D /* Effekseer.ModelLoader.h */,
				4861A300182F846200A8217D /* Effekseer.RectF.cpp */,
				4861A301182F846200A8217D /* Effekseer.RectF.h */,
				4861A302182F846200A8217D /* Effekseer.Server.cpp */,
				4861A303182F846200A8217D /* Effekseer.Server.h */,
				4861A304182F846200A8217D /* Effekseer.ServerImplemented.h */,
				4861A305182F846200A8217D /* Effekseer.Socket.cpp */,
				4861A306182F846200A8217D /* Effekseer.Socket.h */,
				4861A307182F846200A8217D /* Effekseer.SoundLoader.h */,
				4861A308182F846200A8217D /* Effekseer.TextureLoader.h */,
				4861A309182F846200A8217D /* Effekseer.Thread.cpp */,
				4861A30A182F846200A8217D /* Effekseer.Thread.h */,
				4861A30B182F846200A8217D /* Effekseer.Vector2D.cpp */,
				4861A30C182F846200A8217D /* Effekseer.Vector2D.h */,
				4861A30D182F846200A8217D /* Effekseer.Vector3D.cpp */,
				4861A30E182F846200A8217D /* Effekseer.Vector3D.h */,
				4861A30F182F846200A8217D /* Renderer */,
				4861A316182F846200A8217D /* Sound */,
			);
			name = Effekseer;
			path = ../../Effekseer/Effekseer;
			sourceTree = "<group>";
		};
		4861A30F182F846200A8217D /* Renderer */ = {
			isa = PBXGroup;
			children = (
				4861A310182F846200A8217D /* Effekseer.ModelRenderer.h */,
				4861A311182F846200A8217D /* Effekseer.ParticleRenderer.h */,
				4861A312182F846200A8217D /* Effekseer.RibbonRenderer.h */,
				4861A313182F846200A8217D /* Effekseer.RingRenderer.h */,
				4861A314182F846200A8217D /* Effekseer.SpriteRenderer.h */,
				4861A315182F846200A8217D /* Effekseer.TrackRenderer.h */,
			);
			path = Renderer;
			sourceTree = "<group>";
		};
		4861A316182F846200A8217D /* Sound */ = {
			isa = PBXGroup;
			children = (
				4861A317182F846200A8217D /* Effekseer.SoundPlayer.h */,
			);
			path = Sound;
			sourceTree = "<group>";
		};
		4861A333182F847100A8217D /* EffekseerRendererCommon */ = {
			isa = PBXGroup;
			children = (
				4861A334182F847100A8217D /* EffekseerRenderer.IndexBufferBase.cpp */,
				4861A335182F847100A8217D /* EffekseerRenderer.IndexBufferBase.h */,
				4861A336182F847100A8217D /* EffekseerRenderer.ModelRendererBase.cpp */,
				4861A337182F847100A8217D /* EffekseerRenderer.ModelRendererBase.h */,
				4861A338182F847100A8217D /* EffekseerRenderer.RenderStateBase.cpp */,
				4861A339182F847100A8217D /* EffekseerRenderer.RenderStateBase.h */,
				4861A33A182F847100A8217D /* EffekseerRenderer.RibbonRendererBase.cpp */,
				4861A33B182F847100A8217D /* EffekseerRenderer.RibbonRendererBase.h */,
				4861A33C182F847100A8217D /* EffekseerRenderer.RingRendererBase.cpp */,
				4861A33D182F847100A8217D /* EffekseerRenderer.RingRendererBase.h */,
				4861A33E182F847100A8217D /* EffekseerRenderer.SpriteRendererBase.cpp */,
				4861A33F182F847100A8217D /* EffekseerRenderer.SpriteRendererBase.h */,
				4861A340182F847100A8217D /* EffekseerRenderer.TrackRendererBase.cpp */,
				4861A341182F847100A8217D /* EffekseerRenderer.TrackRendererBase.h */,
				4861A342182F847100A8217D /* EffekseerRenderer.VertexBufferBase.cpp */,
				4861A343182F847100A8217D /* EffekseerRenderer.VertexBufferBase.h */,
			);
			name = EffekseerRendererCommon;
			path = ../../EffekseerRendererCommon;
			sourceTree = "<group>";
		};
		48B43FDB182F76F000B849F5 = {
			isa = PBXGroup;
			children = (
				4861A2CA182F845000A8217D /* Effekseer */,
				48B43FE9182F76F100B849F5 /* UnityPlugin */,
				48B43FE6182F76F100B849F5 /* Frameworks */,
				48B43FE5182F76F100B849F5 /* Products */,
			);
			sourceTree = "<group>";
		};
		48B43FE5182F76F100B849F5 /* Products */ = {
			isa = PBXGroup;
			children = (
				48B43FE4182F76F100B849F5 /* EffekseerUnity.bundle */,
			);
			name = Products;
			sourceTree = "<group>";
		};
		48B43FE6182F76F100B849F5 /* Frameworks */ = {
			isa = PBXGroup;
			children = (
				682EBB9719F57670007914D7 /* libz.1.2.5.dylib */,
				4861A3F1182FBB7100A8217D /* libz.a */,
				4861A3D0182FBAAA00A8217D /* libpng.a */,
				4861A3B4182FB42100A8217D /* OpenGL.framework */,
				4861A2C8182F841700A8217D /* OpenAL.framework */,
				48B43FE7182F76F100B849F5 /* CoreFoundation.framework */,
			);
			name = Frameworks;
			sourceTree = "<group>";
		};
		48B43FE9182F76F100B849F5 /* UnityPlugin */ = {
			isa = PBXGroup;
			children = (
				4861A2C5182F822500A8217D /* EffekseerPluginCommon.cpp */,
				4861A2C6182F822500A8217D /* UnityPluginInterface.h */,
				48B44004182F781400B849F5 /* EffekseerPluginOSX.cpp */,
				48B43FEA182F76F100B849F5 /* Supporting Files */,
			);
			name = UnityPlugin;
			path = effekseer;
			sourceTree = "<group>";
		};
		48B43FEA182F76F100B849F5 /* Supporting Files */ = {
			isa = PBXGroup;
			children = (
			);
			name = "Supporting Files";
			sourceTree = "<group>";
		};
		684C1EFE19F60B2100E32FEC /* EffekseerSound */ = {
			isa = PBXGroup;
			children = (
				684C1EFF19F60B2100E32FEC /* EffekseerSoundAL.Sound.cpp */,
				684C1F0019F60B2100E32FEC /* EffekseerSoundAL.SoundImplemented.h */,
				684C1F0119F60B2100E32FEC /* EffekseerSoundAL.SoundLoader.cpp */,
				684C1F0219F60B2100E32FEC /* EffekseerSoundAL.SoundLoader.h */,
				684C1F0319F60B2100E32FEC /* EffekseerSoundAL.SoundPlayer.cpp */,
				684C1F0419F60B2100E32FEC /* EffekseerSoundAL.SoundPlayer.h */,
				684C1F0519F60B2100E32FEC /* EffekseerSoundAL.SoundVoice.cpp */,
				684C1F0619F60B2100E32FEC /* EffekseerSoundAL.SoundVoice.h */,
			);
			name = EffekseerSound;
			path = ../../EffekseerSoundAL/EffekseerSound;
			sourceTree = "<group>";
		};
		684C1F1119F60DA300E32FEC /* AL */ = {
			isa = PBXGroup;
			children = (
				684C1F1219F60DA300E32FEC /* include */,
				684C1F1A19F60DA300E32FEC /* libs */,
			);
			name = AL;
			path = ../../EffekseerSoundAL/AL;
			sourceTree = "<group>";
		};
		684C1F1219F60DA300E32FEC /* include */ = {
			isa = PBXGroup;
			children = (
				684C1F1319F60DA300E32FEC /* AL */,
			);
			path = include;
			sourceTree = "<group>";
		};
		684C1F1319F60DA300E32FEC /* AL */ = {
			isa = PBXGroup;
			children = (
				684C1F1419F60DA300E32FEC /* al.h */,
				684C1F1519F60DA300E32FEC /* alc.h */,
				684C1F1619F60DA300E32FEC /* efx-creative.h */,
				684C1F1719F60DA300E32FEC /* EFX-Util.h */,
				684C1F1819F60DA300E32FEC /* efx.h */,
				684C1F1919F60DA300E32FEC /* xram.h */,
			);
			path = AL;
			sourceTree = "<group>";
		};
		684C1F1A19F60DA300E32FEC /* libs */ = {
			isa = PBXGroup;
			children = (
				684C1F1B19F60DA300E32FEC /* Win32 */,
				684C1F2119F60DA300E32FEC /* Win64 */,
			);
			path = libs;
			sourceTree = "<group>";
		};
		684C1F1B19F60DA300E32FEC /* Win32 */ = {
			isa = PBXGroup;
			children = (
				684C1F1C19F60DA300E32FEC /* EFX-Util_MT */,
				684C1F1E19F60DA300E32FEC /* EFX-Util_MTDLL */,
				684C1F2019F60DA300E32FEC /* OpenAL32.lib */,
			);
			path = Win32;
			sourceTree = "<group>";
		};
		684C1F1C19F60DA300E32FEC /* EFX-Util_MT */ = {
			isa = PBXGroup;
			children = (
				684C1F1D19F60DA300E32FEC /* EFX-Util.lib */,
			);
			path = "EFX-Util_MT";
			sourceTree = "<group>";
		};
		684C1F1E19F60DA300E32FEC /* EFX-Util_MTDLL */ = {
			isa = PBXGroup;
			children = (
				684C1F1F19F60DA300E32FEC /* EFX-Util.lib */,
			);
			path = "EFX-Util_MTDLL";
			sourceTree = "<group>";
		};
		684C1F2119F60DA300E32FEC /* Win64 */ = {
			isa = PBXGroup;
			children = (
				684C1F2219F60DA300E32FEC /* EFX-Util_MT */,
				684C1F2419F60DA300E32FEC /* EFX-Util_MTDLL */,
				684C1F2619F60DA300E32FEC /* OpenAL32.lib */,
			);
			path = Win64;
			sourceTree = "<group>";
		};
		684C1F2219F60DA300E32FEC /* EFX-Util_MT */ = {
			isa = PBXGroup;
			children = (
				684C1F2319F60DA300E32FEC /* EFX-Util.lib */,
			);
			path = "EFX-Util_MT";
			sourceTree = "<group>";
		};
		684C1F2419F60DA300E32FEC /* EFX-Util_MTDLL */ = {
			isa = PBXGroup;
			children = (
				684C1F2519F60DA300E32FEC /* EFX-Util.lib */,
			);
			path = "EFX-Util_MTDLL";
			sourceTree = "<group>";
		};
		684C1F2D19F6106D00E32FEC /* EffekseerRenderer */ = {
			isa = PBXGroup;
			children = (
				684C1F2E19F6106D00E32FEC /* EffekseerRendererGL.Base.h */,
				684C1F2F19F6106D00E32FEC /* EffekseerRendererGL.Base.Pre.h */,
				684C1F3019F6106D00E32FEC /* EffekseerRendererGL.DeviceObject.cpp */,
				684C1F3119F6106D00E32FEC /* EffekseerRendererGL.DeviceObject.h */,
				684C1F3219F6106D00E32FEC /* EffekseerRendererGL.GLExtension.cpp */,
				684C1F3319F6106D00E32FEC /* EffekseerRendererGL.GLExtension.h */,
				684C1F3419F6106D00E32FEC /* EffekseerRendererGL.IndexBuffer.cpp */,
				684C1F3519F6106D00E32FEC /* EffekseerRendererGL.IndexBuffer.h */,
				684C1F3619F6106D00E32FEC /* EffekseerRendererGL.ModelLoader.cpp */,
				684C1F3719F6106D00E32FEC /* EffekseerRendererGL.ModelLoader.h */,
				684C1F3819F6106D00E32FEC /* EffekseerRendererGL.ModelRenderer.cpp */,
				684C1F3919F6106D00E32FEC /* EffekseerRendererGL.ModelRenderer.h */,
				684C1F3A19F6106D00E32FEC /* EffekseerRendererGL.Renderer.cpp */,
				684C1F3B19F6106D00E32FEC /* EffekseerRendererGL.Renderer.h */,
				684C1F3C19F6106D00E32FEC /* EffekseerRendererGL.RendererImplemented.h */,
				684C1F3D19F6106D00E32FEC /* EffekseerRendererGL.RenderState.cpp */,
				684C1F3E19F6106D00E32FEC /* EffekseerRendererGL.RenderState.h */,
				684C1F3F19F6106D00E32FEC /* EffekseerRendererGL.RibbonRenderer.cpp */,
				684C1F4019F6106D00E32FEC /* EffekseerRendererGL.RibbonRenderer.h */,
				684C1F4119F6106D00E32FEC /* EffekseerRendererGL.RingRenderer.cpp */,
				684C1F4219F6106D00E32FEC /* EffekseerRendererGL.RingRenderer.h */,
				684C1F4319F6106D00E32FEC /* EffekseerRendererGL.Shader.cpp */,
				684C1F4419F6106D00E32FEC /* EffekseerRendererGL.Shader.h */,
				684C1F4519F6106D00E32FEC /* EffekseerRendererGL.SpriteRenderer.cpp */,
				684C1F4619F6106D00E32FEC /* EffekseerRendererGL.SpriteRenderer.h */,
				684C1F4719F6106D00E32FEC /* EffekseerRendererGL.TextureLoader.cpp */,
				684C1F4819F6106D00E32FEC /* EffekseerRendererGL.TextureLoader.h */,
				684C1F4919F6106D00E32FEC /* EffekseerRendererGL.TrackRenderer.cpp */,
				684C1F4A19F6106D00E32FEC /* EffekseerRendererGL.TrackRenderer.h */,
				684C1F4B19F6106D00E32FEC /* EffekseerRendererGL.VertexBuffer.cpp */,
				684C1F4C19F6106D00E32FEC /* EffekseerRendererGL.VertexBuffer.h */,
			);
			name = EffekseerRenderer;
			path = ../../EffekseerRendererGL/EffekseerRenderer;
			sourceTree = "<group>";
		};
		684C1F4E19F6106D00E32FEC /* glew */ = {
			isa = PBXGroup;
			children = (
				684C1F4F19F6106D00E32FEC /* include */,
				684C1F5419F6106D00E32FEC /* lib */,
			);
			name = glew;
			path = ../../EffekseerRendererGL/glew;
			sourceTree = "<group>";
		};
		684C1F4F19F6106D00E32FEC /* include */ = {
			isa = PBXGroup;
			children = (
				684C1F5019F6106D00E32FEC /* GL */,
			);
			path = include;
			sourceTree = "<group>";
		};
		684C1F5019F6106D00E32FEC /* GL */ = {
			isa = PBXGroup;
			children = (
				684C1F5119F6106D00E32FEC /* glew.h */,
				684C1F5219F6106D00E32FEC /* glxew.h */,
				684C1F5319F6106D00E32FEC /* wglew.h */,
			);
			path = GL;
			sourceTree = "<group>";
		};
		684C1F5419F6106D00E32FEC /* lib */ = {
			isa = PBXGroup;
			children = (
				684C1F5519F6106D00E32FEC /* win_x86 */,
			);
			path = lib;
			sourceTree = "<group>";
		};
		684C1F5519F6106D00E32FEC /* win_x86 */ = {
			isa = PBXGroup;
			children = (
				684C1F5619F6106D00E32FEC /* glew32s.lib */,
			);
			path = win_x86;
			sourceTree = "<group>";
		};
		684C1F5719F6106D00E32FEC /* libpng */ = {
			isa = PBXGroup;
			children = (
				684C1F5819F6106D00E32FEC /* include */,
				684C1F5D19F6106D00E32FEC /* lib */,
			);
			name = libpng;
			path = ../../EffekseerRendererGL/libpng;
			sourceTree = "<group>";
		};
		684C1F5819F6106D00E32FEC /* include */ = {
			isa = PBXGroup;
			children = (
				684C1F5919F6106D00E32FEC /* png.h */,
				684C1F5A19F6106D00E32FEC /* pngconf.h */,
				684C1F5B19F6106D00E32FEC /* zconf.h */,
				684C1F5C19F6106D00E32FEC /* zlib.h */,
			);
			path = include;
			sourceTree = "<group>";
		};
		684C1F5D19F6106D00E32FEC /* lib */ = {
			isa = PBXGroup;
			children = (
				684C1F5E19F6106D00E32FEC /* osx_32bit */,
				684C1F5F19F6106D00E32FEC /* win_x86 */,
			);
			path = lib;
			sourceTree = "<group>";
		};
		684C1F5E19F6106D00E32FEC /* osx_32bit */ = {
			isa = PBXGroup;
			children = (
			);
			path = osx_32bit;
			sourceTree = "<group>";
		};
		684C1F5F19F6106D00E32FEC /* win_x86 */ = {
			isa = PBXGroup;
			children = (
				684C1F6019F6106D00E32FEC /* libpng.lib */,
				684C1F6119F6106D00E32FEC /* zlib.lib */,
			);
			path = win_x86;
			sourceTree = "<group>";
		};
/* End PBXGroup section */

/* Begin PBXNativeTarget section */
		48B43FE3182F76F000B849F5 /* EffekseerUnity */ = {
			isa = PBXNativeTarget;
			buildConfigurationList = 48B43FF2182F76F100B849F5 /* Build configuration list for PBXNativeTarget "EffekseerUnity" */;
			buildPhases = (
				48B43FE0182F76F000B849F5 /* Sources */,
				48B43FE1182F76F000B849F5 /* Frameworks */,
				48B43FE2182F76F000B849F5 /* Resources */,
			);
			buildRules = (
			);
			dependencies = (
			);
			name = EffekseerUnity;
			productName = effekseer;
			productReference = 48B43FE4182F76F100B849F5 /* EffekseerUnity.bundle */;
			productType = "com.apple.product-type.bundle";
		};
/* End PBXNativeTarget section */

/* Begin PBXProject section */
		48B43FDC182F76F000B849F5 /* Project object */ = {
			isa = PBXProject;
			attributes = {
				LastUpgradeCheck = 0460;
				ORGANIZATIONNAME = ueshita;
			};
			buildConfigurationList = 48B43FDF182F76F000B849F5 /* Build configuration list for PBXProject "EffekseerUnity" */;
			compatibilityVersion = "Xcode 3.2";
			developmentRegion = English;
			hasScannedForEncodings = 0;
			knownRegions = (
				en,
			);
			mainGroup = 48B43FDB182F76F000B849F5;
			productRefGroup = 48B43FE5182F76F100B849F5 /* Products */;
			projectDirPath = "";
			projectRoot = "";
			targets = (
				48B43FE3182F76F000B849F5 /* EffekseerUnity */,
			);
		};
/* End PBXProject section */

/* Begin PBXResourcesBuildPhase section */
		48B43FE2182F76F000B849F5 /* Resources */ = {
			isa = PBXResourcesBuildPhase;
			buildActionMask = 2147483647;
			files = (
			);
			runOnlyForDeploymentPostprocessing = 0;
		};
/* End PBXResourcesBuildPhase section */

/* Begin PBXSourcesBuildPhase section */
		48B43FE0182F76F000B849F5 /* Sources */ = {
			isa = PBXSourcesBuildPhase;
			buildActionMask = 2147483647;
			files = (
				684C1F7319F610BE00E32FEC /* EffekseerRendererGL.Base.h in Sources */,
				684C1F7419F610BE00E32FEC /* EffekseerRendererGL.Base.Pre.h in Sources */,
				684C1F6219F6106D00E32FEC /* EffekseerRendererGL.DeviceObject.cpp in Sources */,
				684C1F7519F610BE00E32FEC /* EffekseerRendererGL.DeviceObject.h in Sources */,
				684C1F6319F6106D00E32FEC /* EffekseerRendererGL.GLExtension.cpp in Sources */,
				684C1F7619F610BE00E32FEC /* EffekseerRendererGL.GLExtension.h in Sources */,
				684C1F6419F6106D00E32FEC /* EffekseerRendererGL.IndexBuffer.cpp in Sources */,
				684C1F7719F610BE00E32FEC /* EffekseerRendererGL.IndexBuffer.h in Sources */,
				684C1F6519F6106D00E32FEC /* EffekseerRendererGL.ModelLoader.cpp in Sources */,
				684C1F7819F610BE00E32FEC /* EffekseerRendererGL.ModelLoader.h in Sources */,
				684C1F6619F6106D00E32FEC /* EffekseerRendererGL.ModelRenderer.cpp in Sources */,
				684C1F7919F610BE00E32FEC /* EffekseerRendererGL.ModelRenderer.h in Sources */,
				684C1F6719F6106D00E32FEC /* EffekseerRendererGL.Renderer.cpp in Sources */,
				684C1F7A19F610BE00E32FEC /* EffekseerRendererGL.Renderer.h in Sources */,
				684C1F7B19F610BE00E32FEC /* EffekseerRendererGL.RendererImplemented.h in Sources */,
				684C1F6819F6106D00E32FEC /* EffekseerRendererGL.RenderState.cpp in Sources */,
				684C1F7C19F610BE00E32FEC /* EffekseerRendererGL.RenderState.h in Sources */,
				684C1F6919F6106D00E32FEC /* EffekseerRendererGL.RibbonRenderer.cpp in Sources */,
				684C1F7D19F610BE00E32FEC /* EffekseerRendererGL.RibbonRenderer.h in Sources */,
				684C1F6A19F6106D00E32FEC /* EffekseerRendererGL.RingRenderer.cpp in Sources */,
				684C1F7E19F610BE00E32FEC /* EffekseerRendererGL.RingRenderer.h in Sources */,
				684C1F6B19F6106D00E32FEC /* EffekseerRendererGL.Shader.cpp in Sources */,
				684C1F7F19F610BE00E32FEC /* EffekseerRendererGL.Shader.h in Sources */,
				684C1F6C19F6106D00E32FEC /* EffekseerRendererGL.SpriteRenderer.cpp in Sources */,
				684C1F8019F610BE00E32FEC /* EffekseerRendererGL.SpriteRenderer.h in Sources */,
				684C1F6D19F6106D00E32FEC /* EffekseerRendererGL.TextureLoader.cpp in Sources */,
				684C1F8119F610BE00E32FEC /* EffekseerRendererGL.TextureLoader.h in Sources */,
				684C1F6E19F6106D00E32FEC /* EffekseerRendererGL.TrackRenderer.cpp in Sources */,
				684C1F8219F610BE00E32FEC /* EffekseerRendererGL.TrackRenderer.h in Sources */,
				684C1F6F19F6106D00E32FEC /* EffekseerRendererGL.VertexBuffer.cpp in Sources */,
				684C1F8319F610BE00E32FEC /* EffekseerRendererGL.VertexBuffer.h in Sources */,
				684C1F0C19F60B9800E32FEC /* EffekseerSoundAL.h in Sources */,
				684C1F0719F60B2100E32FEC /* EffekseerSoundAL.Sound.cpp in Sources */,
				684C1F0D19F60B9800E32FEC /* EffekseerSoundAL.SoundImplemented.h in Sources */,
				684C1F0819F60B2100E32FEC /* EffekseerSoundAL.SoundLoader.cpp in Sources */,
				684C1F0E19F60B9800E32FEC /* EffekseerSoundAL.SoundLoader.h in Sources */,
				684C1F0919F60B2100E32FEC /* EffekseerSoundAL.SoundPlayer.cpp in Sources */,
				684C1F0F19F60B9800E32FEC /* EffekseerSoundAL.SoundPlayer.h in Sources */,
				684C1F0A19F60B2100E32FEC /* EffekseerSoundAL.SoundVoice.cpp in Sources */,
				684C1F1019F60B9800E32FEC /* EffekseerSoundAL.SoundVoice.h in Sources */,
				48B44005182F781400B849F5 /* EffekseerPluginOSX.cpp in Sources */,
				4861A2C7182F822500A8217D /* EffekseerPluginCommon.cpp in Sources */,
				4861A318182F846200A8217D /* Effekseer.Client.cpp in Sources */,
				4861A319182F846200A8217D /* Effekseer.Color.cpp in Sources */,
				4861A31A182F846200A8217D /* Effekseer.CriticalSection.cpp in Sources */,
				4861A31B182F846200A8217D /* Effekseer.DefaultEffectLoader.cpp in Sources */,
				4861A31C182F846200A8217D /* Effekseer.DefaultFile.cpp in Sources */,
				4861A31D182F846200A8217D /* Effekseer.Effect.cpp in Sources */,
				4861A31E182F846200A8217D /* Effekseer.EffectNode.cpp in Sources */,
				4861A31F182F846200A8217D /* Effekseer.EffectNodeModel.cpp in Sources */,
				4861A320182F846200A8217D /* Effekseer.EffectNodeRibbon.cpp in Sources */,
				4861A321182F846200A8217D /* Effekseer.EffectNodeRing.cpp in Sources */,
				4861A322182F846200A8217D /* Effekseer.EffectNodeRoot.cpp in Sources */,
				4861A323182F846200A8217D /* Effekseer.EffectNodeSprite.cpp in Sources */,
				4861A324182F846200A8217D /* Effekseer.EffectNodeTrack.cpp in Sources */,
				4861A325182F846200A8217D /* Effekseer.FCurves.cpp in Sources */,
				4861A326182F846200A8217D /* Effekseer.Instance.cpp in Sources */,
				4861A327182F846200A8217D /* Effekseer.InstanceContainer.cpp in Sources */,
				4861A328182F846200A8217D /* Effekseer.InstanceGlobal.cpp in Sources */,
				4861A329182F846200A8217D /* Effekseer.InstanceGroup.cpp in Sources */,
				4861A32A182F846200A8217D /* Effekseer.Manager.cpp in Sources */,
				4861A32B182F846200A8217D /* Effekseer.Matrix43.cpp in Sources */,
				4861A32C182F846200A8217D /* Effekseer.Matrix44.cpp in Sources */,
				4861A32D182F846200A8217D /* Effekseer.RectF.cpp in Sources */,
				4861A32E182F846200A8217D /* Effekseer.Server.cpp in Sources */,
				4861A32F182F846200A8217D /* Effekseer.Socket.cpp in Sources */,
				4861A330182F846200A8217D /* Effekseer.Thread.cpp in Sources */,
				4861A331182F846200A8217D /* Effekseer.Vector2D.cpp in Sources */,
				4861A332182F846200A8217D /* Effekseer.Vector3D.cpp in Sources */,
				4861A344182F847100A8217D /* EffekseerRenderer.IndexBufferBase.cpp in Sources */,
				4861A345182F847100A8217D /* EffekseerRenderer.ModelRendererBase.cpp in Sources */,
				4861A346182F847100A8217D /* EffekseerRenderer.RenderStateBase.cpp in Sources */,
				4861A347182F847100A8217D /* EffekseerRenderer.RibbonRendererBase.cpp in Sources */,
				4861A348182F847100A8217D /* EffekseerRenderer.RingRendererBase.cpp in Sources */,
				4861A349182F847100A8217D /* EffekseerRenderer.SpriteRendererBase.cpp in Sources */,
				4861A34A182F847100A8217D /* EffekseerRenderer.TrackRendererBase.cpp in Sources */,
				4861A34B182F847100A8217D /* EffekseerRenderer.VertexBufferBase.cpp in Sources */,
			);
			runOnlyForDeploymentPostprocessing = 0;
		};
/* End PBXSourcesBuildPhase section */

/* Begin XCBuildConfiguration section */
		48B43FF0182F76F100B849F5 /* Debug */ = {
			isa = XCBuildConfiguration;
			buildSettings = {
				ALWAYS_SEARCH_USER_PATHS = NO;
				ARCHS = "$(ARCHS_STANDARD_32_BIT)";
				CLANG_CXX_LANGUAGE_STANDARD = "gnu++0x";
				CLANG_CXX_LIBRARY = "libc++";
				CLANG_WARN_CONSTANT_CONVERSION = YES;
				CLANG_WARN_EMPTY_BODY = YES;
				CLANG_WARN_ENUM_CONVERSION = YES;
				CLANG_WARN_INT_CONVERSION = YES;
				CLANG_WARN__DUPLICATE_METHOD_MATCH = YES;
				COPY_PHASE_STRIP = NO;
				GCC_C_LANGUAGE_STANDARD = gnu99;
				GCC_DYNAMIC_NO_PIC = NO;
				GCC_ENABLE_OBJC_EXCEPTIONS = YES;
				GCC_OPTIMIZATION_LEVEL = 0;
				GCC_PREPROCESSOR_DEFINITIONS = (
					"DEBUG=1",
					"$(inherited)",
				);
				GCC_SYMBOLS_PRIVATE_EXTERN = NO;
				GCC_WARN_64_TO_32_BIT_CONVERSION = YES;
				GCC_WARN_ABOUT_RETURN_TYPE = YES;
				GCC_WARN_UNINITIALIZED_AUTOS = YES;
				GCC_WARN_UNUSED_VARIABLE = YES;
				HEADER_SEARCH_PATHS = "";
				MACOSX_DEPLOYMENT_TARGET = 10.8;
				ONLY_ACTIVE_ARCH = YES;
				SDKROOT = macosx;
				USER_HEADER_SEARCH_PATHS = "";
			};
			name = Debug;
		};
		48B43FF1182F76F100B849F5 /* Release */ = {
			isa = XCBuildConfiguration;
			buildSettings = {
				ALWAYS_SEARCH_USER_PATHS = NO;
				ARCHS = "$(ARCHS_STANDARD_32_BIT)";
				CLANG_CXX_LANGUAGE_STANDARD = "gnu++0x";
				CLANG_CXX_LIBRARY = "libc++";
				CLANG_WARN_CONSTANT_CONVERSION = YES;
				CLANG_WARN_EMPTY_BODY = YES;
				CLANG_WARN_ENUM_CONVERSION = YES;
				CLANG_WARN_INT_CONVERSION = YES;
				CLANG_WARN__DUPLICATE_METHOD_MATCH = YES;
				COPY_PHASE_STRIP = YES;
				DEBUG_INFORMATION_FORMAT = "dwarf-with-dsym";
				GCC_C_LANGUAGE_STANDARD = gnu99;
				GCC_ENABLE_OBJC_EXCEPTIONS = YES;
				GCC_WARN_64_TO_32_BIT_CONVERSION = YES;
				GCC_WARN_ABOUT_RETURN_TYPE = YES;
				GCC_WARN_UNINITIALIZED_AUTOS = YES;
				GCC_WARN_UNUSED_VARIABLE = YES;
				HEADER_SEARCH_PATHS = "";
				MACOSX_DEPLOYMENT_TARGET = 10.8;
				SDKROOT = macosx;
				USER_HEADER_SEARCH_PATHS = "";
			};
			name = Release;
		};
		48B43FF3182F76F100B849F5 /* Debug */ = {
			isa = XCBuildConfiguration;
			buildSettings = {
				ARCHS = "$(ARCHS_STANDARD_32_BIT)";
				COMBINE_HIDPI_IMAGES = YES;
				GCC_PRECOMPILE_PREFIX_HEADER = NO;
				HEADER_SEARCH_PATHS = (
					"$(SRCROOT)/../../Effekseer",
					"$(SRCROOT)/../../EffekseerRendererGL",
					"$(SRCROOT)/../../EffekseerSoundAL",
					"$(SRCROOT)/../../EffekseerRendererGL/libpng/include",
				);
				INSTALL_PATH = "$(LOCAL_LIBRARY_DIR)/Bundles";
				LIBRARY_SEARCH_PATHS = (
					"$(inherited)",
					"\"$(SRCROOT)/../../EffekseerSoundAL/AL/libs/Win32/EFX-Util_MT\"",
					"\"$(SRCROOT)/../../EffekseerSoundAL/AL/libs/Win32/EFX-Util_MTDLL\"",
					"\"$(SRCROOT)/../../EffekseerSoundAL/AL/libs/Win32\"",
					"\"$(SRCROOT)/../../EffekseerSoundAL/AL/libs/Win64/EFX-Util_MT\"",
					"\"$(SRCROOT)/../../EffekseerSoundAL/AL/libs/Win64/EFX-Util_MTDLL\"",
					"\"$(SRCROOT)/../../EffekseerSoundAL/AL/libs/Win64\"",
					"\"$(SRCROOT)/../../EffekseerRendererGL/libpng/lib/osx_32bit\"",
					"/Users/hiroto/coding/oss/Effekseer/Dev/Cpp/EffekseerSoundAL/AL/libs/Win32/EFX-Util_MT",
					"/Users/hiroto/coding/oss/Effekseer/Dev/Cpp/EffekseerSoundAL/AL/libs/Win32/EFX-Util_MTDLL",
					/Users/hiroto/coding/oss/Effekseer/Dev/Cpp/EffekseerSoundAL/AL/libs/Win32,
					"/Users/hiroto/coding/oss/Effekseer/Dev/Cpp/EffekseerSoundAL/AL/libs/Win64/EFX-Util_MT",
					"/Users/hiroto/coding/oss/Effekseer/Dev/Cpp/EffekseerSoundAL/AL/libs/Win64/EFX-Util_MTDLL",
					/Users/hiroto/coding/oss/Effekseer/Dev/Cpp/EffekseerSoundAL/AL/libs/Win64,
					/Users/hiroto/coding/oss/Effekseer/Dev/Cpp/EffekseerRendererGL/glew/lib/win_x86,
					/Users/hiroto/coding/oss/Effekseer/Dev/Cpp/EffekseerRendererGL/libpng/lib/win_x86,
				);
				PRODUCT_NAME = "$(TARGET_NAME)";
				USER_HEADER_SEARCH_PATHS = "";
				WRAPPER_EXTENSION = bundle;
			};
			name = Debug;
		};
		48B43FF4182F76F100B849F5 /* Release */ = {
			isa = XCBuildConfiguration;
			buildSettings = {
				ARCHS = "$(ARCHS_STANDARD_32_BIT)";
				COMBINE_HIDPI_IMAGES = YES;
				GCC_PRECOMPILE_PREFIX_HEADER = NO;
				HEADER_SEARCH_PATHS = (
					"$(SRCROOT)/../../Effekseer",
					"$(SRCROOT)/../../EffekseerRendererGL",
					"$(SRCROOT)/../../EffekseerSoundAL",
					"$(SRCROOT)/../../EffekseerRendererGL/libpng/include",
				);
				INSTALL_PATH = "$(LOCAL_LIBRARY_DIR)/Bundles";
				LIBRARY_SEARCH_PATHS = (
					"$(inherited)",
					"\"$(SRCROOT)/../../EffekseerSoundAL/AL/libs/Win32/EFX-Util_MT\"",
					"\"$(SRCROOT)/../../EffekseerSoundAL/AL/libs/Win32/EFX-Util_MTDLL\"",
					"\"$(SRCROOT)/../../EffekseerSoundAL/AL/libs/Win32\"",
					"\"$(SRCROOT)/../../EffekseerSoundAL/AL/libs/Win64/EFX-Util_MT\"",
					"\"$(SRCROOT)/../../EffekseerSoundAL/AL/libs/Win64/EFX-Util_MTDLL\"",
					"\"$(SRCROOT)/../../EffekseerSoundAL/AL/libs/Win64\"",
					"\"$(SRCROOT)/../../EffekseerRendererGL/libpng/lib/osx_32bit\"",
					"/Users/hiroto/coding/oss/Effekseer/Dev/Cpp/EffekseerSoundAL/AL/libs/Win32/EFX-Util_MT",
					"/Users/hiroto/coding/oss/Effekseer/Dev/Cpp/EffekseerSoundAL/AL/libs/Win32/EFX-Util_MTDLL",
					/Users/hiroto/coding/oss/Effekseer/Dev/Cpp/EffekseerSoundAL/AL/libs/Win32,
					"/Users/hiroto/coding/oss/Effekseer/Dev/Cpp/EffekseerSoundAL/AL/libs/Win64/EFX-Util_MT",
					"/Users/hiroto/coding/oss/Effekseer/Dev/Cpp/EffekseerSoundAL/AL/libs/Win64/EFX-Util_MTDLL",
					/Users/hiroto/coding/oss/Effekseer/Dev/Cpp/EffekseerSoundAL/AL/libs/Win64,
					/Users/hiroto/coding/oss/Effekseer/Dev/Cpp/EffekseerRendererGL/glew/lib/win_x86,
					/Users/hiroto/coding/oss/Effekseer/Dev/Cpp/EffekseerRendererGL/libpng/lib/win_x86,
				);
				PRODUCT_NAME = "$(TARGET_NAME)";
				USER_HEADER_SEARCH_PATHS = "";
				WRAPPER_EXTENSION = bundle;
			};
			name = Release;
		};
/* End XCBuildConfiguration section */

/* Begin XCConfigurationList section */
		48B43FDF182F76F000B849F5 /* Build configuration list for PBXProject "EffekseerUnity" */ = {
			isa = XCConfigurationList;
			buildConfigurations = (
				48B43FF0182F76F100B849F5 /* Debug */,
				48B43FF1182F76F100B849F5 /* Release */,
			);
			defaultConfigurationIsVisible = 0;
			defaultConfigurationName = Release;
		};
		48B43FF2182F76F100B849F5 /* Build configuration list for PBXNativeTarget "EffekseerUnity" */ = {
			isa = XCConfigurationList;
			buildConfigurations = (
				48B43FF3182F76F100B849F5 /* Debug */,
				48B43FF4182F76F100B849F5 /* Release */,
			);
			defaultConfigurationIsVisible = 0;
			defaultConfigurationName = Release;
		};
/* End XCConfigurationList section */
	};
	rootObject = 48B43FDC182F76F000B849F5 /* Project object */;
}
