<?xml version="1.0" encoding="utf-8"?>
<Project ToolsVersion="4.0" xmlns="http://schemas.microsoft.com/developer/msbuild/2003">
  <ItemGroup>
    <Filter Include="EffekseerTool">
      <UniqueIdentifier>{56a0c8a1-3e92-4c87-8a86-63666a1c34ec}</UniqueIdentifier>
    </Filter>
    <Filter Include="Graphics">
      <UniqueIdentifier>{4ae8b388-dcb1-4783-bccd-e6b1888ed539}</UniqueIdentifier>
    </Filter>
    <Filter Include="Graphics\Platform">
      <UniqueIdentifier>{a87fea15-b679-4ec6-9362-eeb0a16c0ef0}</UniqueIdentifier>
    </Filter>
    <Filter Include="Graphics\Platform\DX9">
      <UniqueIdentifier>{4409f2d7-bd77-4a14-a095-d1aca6bd8f66}</UniqueIdentifier>
    </Filter>
    <Filter Include="Graphics\Platform\GL">
      <UniqueIdentifier>{e1922269-488e-432b-a133-6e41fae3e619}</UniqueIdentifier>
    </Filter>
    <Filter Include="3rdParty">
      <UniqueIdentifier>{09e5535d-56e6-47b8-84cc-b80e822f8a55}</UniqueIdentifier>
    </Filter>
    <Filter Include="3rdParty\imgui">
      <UniqueIdentifier>{d4ac587e-9620-48b4-929c-e14db009cfef}</UniqueIdentifier>
    </Filter>
    <Filter Include="3rdParty\imgui_addon">
      <UniqueIdentifier>{ef085fba-1858-4077-8f85-e8c999bc338f}</UniqueIdentifier>
    </Filter>
    <Filter Include="3rdParty\imgui_addon\imguidock">
      <UniqueIdentifier>{d209fd25-5535-47b8-a0e1-1cd72bc39c39}</UniqueIdentifier>
    </Filter>
    <Filter Include="GUI">
      <UniqueIdentifier>{805a71fa-4115-49cf-a2a9-5f042350e2fe}</UniqueIdentifier>
    </Filter>
    <Filter Include="3rdParty\nfd">
      <UniqueIdentifier>{51f2ab6b-2b6e-43ae-b60e-7bad2bdab8b6}</UniqueIdentifier>
    </Filter>
    <Filter Include="3rdParty\imgui_addon\fcurve">
      <UniqueIdentifier>{13e33b19-cf08-4793-9e67-681b11ce31c0}</UniqueIdentifier>
    </Filter>
    <Filter Include="3rdParty\imgui_addon\imguihelper">
      <UniqueIdentifier>{97e75eb9-c8f9-439e-87aa-8dfcee2129fe}</UniqueIdentifier>
    </Filter>
    <Filter Include="3rdParty\imgui_platform">
      <UniqueIdentifier>{bb1df4a7-11df-4d01-a6b0-b0f974332851}</UniqueIdentifier>
    </Filter>
    <Filter Include="3rdParty\Boxer">
      <UniqueIdentifier>{21168e29-a242-49b8-99f9-90adc38e6cfe}</UniqueIdentifier>
    </Filter>
    <Filter Include="GUI\Platform">
      <UniqueIdentifier>{b2f2d363-2ea5-490d-9cf3-1c527d980545}</UniqueIdentifier>
    </Filter>
    <Filter Include="Graphics\Platform\DX11">
      <UniqueIdentifier>{d7820f9a-6588-4945-9013-9900274bc6b1}</UniqueIdentifier>
    </Filter>
  </ItemGroup>
  <ItemGroup>
    <ClInclude Include="EffekseerTool\EffekseerTool.Renderer.h">
      <Filter>EffekseerTool</Filter>
    </ClInclude>
    <ClInclude Include="EffekseerTool\EffekseerTool.Base.h">
      <Filter>EffekseerTool</Filter>
    </ClInclude>
    <ClInclude Include="EffekseerTool\EffekseerTool.Guide.h">
      <Filter>EffekseerTool</Filter>
    </ClInclude>
    <ClInclude Include="EffekseerTool\EffekseerTool.Grid.h">
      <Filter>EffekseerTool</Filter>
    </ClInclude>
    <ClInclude Include="EffekseerTool\EffekseerTool.Sound.h">
      <Filter>EffekseerTool</Filter>
    </ClInclude>
    <ClInclude Include="EffekseerTool\EffekseerTool.Culling.h">
      <Filter>EffekseerTool</Filter>
    </ClInclude>
    <ClInclude Include="EffekseerTool\EffekseerTool.Paste.h">
      <Filter>EffekseerTool</Filter>
    </ClInclude>
    <ClInclude Include="Graphics\efk.Graphics.h">
      <Filter>Graphics</Filter>
    </ClInclude>
    <ClInclude Include="Graphics\Platform\DX9\efk.GraphicsDX9.h">
      <Filter>Graphics\Platform\DX9</Filter>
    </ClInclude>
    <ClInclude Include="Graphics\efk.LineRenderer.h">
      <Filter>Graphics</Filter>
    </ClInclude>
    <ClInclude Include="Graphics\efk.ImageRenderer.h">
      <Filter>Graphics</Filter>
    </ClInclude>
    <ClInclude Include="Graphics\Platform\DX9\efk.ImageRendererDX9.h">
      <Filter>Graphics\Platform\DX9</Filter>
    </ClInclude>
    <ClInclude Include="Graphics\Platform\DX9\efk.LineRendererDX9.h">
      <Filter>Graphics\Platform\DX9</Filter>
    </ClInclude>
    <ClInclude Include="Graphics\Platform\GL\efk.ImageRendererGL.h">
      <Filter>Graphics\Platform\GL</Filter>
    </ClInclude>
    <ClInclude Include="Graphics\Platform\GL\efk.LineRendererGL.h">
      <Filter>Graphics\Platform\GL</Filter>
    </ClInclude>
    <ClInclude Include="Graphics\Platform\GL\efk.GraphicsGL.h">
      <Filter>Graphics\Platform\GL</Filter>
    </ClInclude>
    <ClInclude Include="3rdParty\imgui\imgui.h">
      <Filter>3rdParty\imgui</Filter>
    </ClInclude>
    <ClInclude Include="3rdParty\imgui\imgui_internal.h">
      <Filter>3rdParty\imgui</Filter>
    </ClInclude>
    <ClInclude Include="3rdParty\imgui\imconfig.h">
      <Filter>3rdParty\imgui</Filter>
    </ClInclude>
    <ClInclude Include="3rdParty\imgui_addon\imguidock\imguidock.h">
      <Filter>3rdParty\imgui_addon\imguidock</Filter>
    </ClInclude>
    <ClInclude Include="GUI\efk.GUIManager.h">
      <Filter>GUI</Filter>
    </ClInclude>
    <ClInclude Include="GUI\efk.Window.h">
      <Filter>GUI</Filter>
    </ClInclude>
    <ClInclude Include="3rdParty\nfd\nfd_common.h">
      <Filter>3rdParty\nfd</Filter>
    </ClInclude>
    <ClInclude Include="GUI\efk.FileDialog.h">
      <Filter>GUI</Filter>
    </ClInclude>
    <ClInclude Include="Graphics\efk.GifHelper.h">
      <Filter>Graphics</Filter>
    </ClInclude>
    <ClInclude Include="Graphics\efk.PNGHelper.h">
      <Filter>Graphics</Filter>
    </ClInclude>
    <ClInclude Include="Graphics\efk.AVIExporter.h">
      <Filter>Graphics</Filter>
    </ClInclude>
    <ClInclude Include="GUI\efk.ImageResource.h">
      <Filter>GUI</Filter>
    </ClInclude>
    <ClInclude Include="GUI\efk.JapaneseFont.h">
      <Filter>GUI</Filter>
    </ClInclude>
    <ClInclude Include="dll_cs.h" />
    <ClInclude Include="GUI\efk.Vec2.h">
      <Filter>GUI</Filter>
    </ClInclude>
    <ClInclude Include="3rdParty\imgui_addon\fcurve\fcurve.h">
      <Filter>3rdParty\imgui_addon\fcurve</Filter>
    </ClInclude>
    <ClInclude Include="3rdParty\imgui_addon\imguihelper\imguihelper.h">
      <Filter>3rdParty\imgui_addon\imguihelper</Filter>
    </ClInclude>
    <ClInclude Include="3rdParty\Boxer\boxer.h">
      <Filter>3rdParty\Boxer</Filter>
    </ClInclude>
    <ClInclude Include="GUI\Platform\efk.Language.h">
      <Filter>GUI\Platform</Filter>
    </ClInclude>
    <ClInclude Include="3rdParty\imgui_platform\imgui_impl_dx9.h">
      <Filter>3rdParty\imgui_platform</Filter>
    </ClInclude>
    <ClInclude Include="3rdParty\imgui_platform\imgui_impl_glfw.h">
      <Filter>3rdParty\imgui_platform</Filter>
    </ClInclude>
    <ClInclude Include="3rdParty\imgui_platform\imgui_impl_opengl3.h">
      <Filter>3rdParty\imgui_platform</Filter>
    </ClInclude>
    <ClInclude Include="3rdParty\imgui_platform\imgui_impl_dx11.h">
      <Filter>3rdParty\imgui_platform</Filter>
    </ClInclude>
    <ClInclude Include="efk.Base.h" />
    <ClInclude Include="Graphics\Platform\DX11\efk.ImageRendererDX11.h">
      <Filter>Graphics\Platform\DX11</Filter>
    </ClInclude>
    <ClInclude Include="Graphics\Platform\DX11\efk.LineRendererDX11.h">
      <Filter>Graphics\Platform\DX11</Filter>
    </ClInclude>
    <ClInclude Include="Graphics\Platform\DX11\efk.GraphicsDX11.h">
      <Filter>Graphics\Platform\DX11</Filter>
    </ClInclude>
  </ItemGroup>
  <ItemGroup>
    <ClCompile Include="dll.cpp" />
    <ClCompile Include="dll_cs.cxx" />
    <ClCompile Include="test.cpp" />
    <ClCompile Include="EffekseerTool\EffekseerTool.Renderer.cpp">
      <Filter>EffekseerTool</Filter>
    </ClCompile>
    <ClCompile Include="EffekseerTool\EffekseerTool.Grid.cpp">
      <Filter>EffekseerTool</Filter>
    </ClCompile>
    <ClCompile Include="EffekseerTool\EffekseerTool.Guide.cpp">
      <Filter>EffekseerTool</Filter>
    </ClCompile>
    <ClCompile Include="EffekseerTool\EffekseerTool.Sound.cpp">
      <Filter>EffekseerTool</Filter>
    </ClCompile>
    <ClCompile Include="EffekseerTool\EffekseerTool.Culling.cpp">
      <Filter>EffekseerTool</Filter>
    </ClCompile>
    <ClCompile Include="EffekseerTool\EffekseerTool.Paste.cpp">
      <Filter>EffekseerTool</Filter>
    </ClCompile>
    <ClCompile Include="Graphics\efk.Graphics.cpp">
      <Filter>Graphics</Filter>
    </ClCompile>
    <ClCompile Include="Graphics\Platform\DX9\efk.GraphicsDX9.cpp">
      <Filter>Graphics\Platform\DX9</Filter>
    </ClCompile>
    <ClCompile Include="Graphics\efk.LineRenderer.cpp">
      <Filter>Graphics</Filter>
    </ClCompile>
    <ClCompile Include="Graphics\efk.ImageRenderer.cpp">
      <Filter>Graphics</Filter>
    </ClCompile>
    <ClCompile Include="Graphics\Platform\DX9\efk.LineRendererDX9.cpp">
      <Filter>Graphics\Platform\DX9</Filter>
    </ClCompile>
    <ClCompile Include="Graphics\Platform\DX9\efk.ImageRendererDX9.cpp">
      <Filter>Graphics\Platform\DX9</Filter>
    </ClCompile>
    <ClCompile Include="Graphics\Platform\GL\efk.ImageRendererGL.cpp">
      <Filter>Graphics\Platform\GL</Filter>
    </ClCompile>
    <ClCompile Include="Graphics\Platform\GL\efk.LineRendererGL.cpp">
      <Filter>Graphics\Platform\GL</Filter>
    </ClCompile>
    <ClCompile Include="Graphics\Platform\GL\efk.GraphicsGL.cpp">
      <Filter>Graphics\Platform\GL</Filter>
    </ClCompile>
    <ClCompile Include="3rdParty\imgui\imgui_draw.cpp">
      <Filter>3rdParty\imgui</Filter>
    </ClCompile>
    <ClCompile Include="3rdParty\imgui\imgui.cpp">
      <Filter>3rdParty\imgui</Filter>
    </ClCompile>
    <ClCompile Include="3rdParty\imgui_addon\imguidock\imguidock.cpp">
      <Filter>3rdParty\imgui_addon\imguidock</Filter>
    </ClCompile>
    <ClCompile Include="GUI\efk.Window.cpp">
      <Filter>GUI</Filter>
    </ClCompile>
    <ClCompile Include="GUI\efk.GUIManager.cpp">
      <Filter>GUI</Filter>
    </ClCompile>
    <ClCompile Include="3rdParty\nfd\nfd_common.c">
      <Filter>3rdParty\nfd</Filter>
    </ClCompile>
    <ClCompile Include="3rdParty\nfd\nfd_win.cpp">
      <Filter>3rdParty\nfd</Filter>
    </ClCompile>
    <ClCompile Include="GUI\efk.FileDialog.cpp">
      <Filter>GUI</Filter>
    </ClCompile>
    <ClCompile Include="Graphics\efk.GifHelper.cpp">
      <Filter>Graphics</Filter>
    </ClCompile>
    <ClCompile Include="Graphics\efk.PNGHelper.cpp">
      <Filter>Graphics</Filter>
    </ClCompile>
    <ClCompile Include="Graphics\efk.AVIExporter.cpp">
      <Filter>Graphics</Filter>
    </ClCompile>
    <ClCompile Include="GUI\efk.ImageResource.cpp">
      <Filter>GUI</Filter>
    </ClCompile>
    <ClCompile Include="3rdParty\imgui_addon\fcurve\fcurve.cpp">
      <Filter>3rdParty\imgui_addon\fcurve</Filter>
    </ClCompile>
    <ClCompile Include="3rdParty\imgui_addon\imguihelper\imguihelper.cpp">
      <Filter>3rdParty\imgui_addon\imguihelper</Filter>
    </ClCompile>
    <ClCompile Include="3rdParty\Boxer\boxer_win.cpp">
      <Filter>3rdParty\Boxer</Filter>
    </ClCompile>
    <ClCompile Include="GUI\Platform\efk.Language_Other.cpp">
      <Filter>GUI\Platform</Filter>
    </ClCompile>
    <ClCompile Include="3rdParty\imgui_platform\imgui_impl_glfw.cpp">
      <Filter>3rdParty\imgui_platform</Filter>
    </ClCompile>
    <ClCompile Include="3rdParty\imgui_platform\imgui_impl_opengl3.cpp">
      <Filter>3rdParty\imgui_platform</Filter>
    </ClCompile>
    <ClCompile Include="3rdParty\imgui_platform\imgui_impl_dx9.cpp">
      <Filter>3rdParty\imgui_platform</Filter>
    </ClCompile>
    <ClCompile Include="3rdParty\imgui_platform\imgui_impl_dx11.cpp">
      <Filter>3rdParty\imgui_platform</Filter>
    </ClCompile>
    <ClCompile Include="Graphics\Platform\DX11\efk.LineRendererDX11.cpp">
      <Filter>Graphics\Platform\DX11</Filter>
    </ClCompile>
    <ClCompile Include="Graphics\Platform\DX11\efk.ImageRendererDX11.cpp">
      <Filter>Graphics\Platform\DX11</Filter>
    </ClCompile>
    <ClCompile Include="Graphics\Platform\DX11\efk.GraphicsDX11.cpp">
      <Filter>Graphics\Platform\DX11</Filter>
    </ClCompile>
  </ItemGroup>
  <ItemGroup>
    <CustomBuildStep Include="dll.h" />
  </ItemGroup>
  <ItemGroup>
    <None Include="GUI\Platform\efk.Language_osx.mm">
      <Filter>GUI\Platform</Filter>
    </None>
  </ItemGroup>
</Project>