<?xml version="1.0" encoding="utf-8"?>
<Project ToolsVersion="4.0" xmlns="http://schemas.microsoft.com/developer/msbuild/2003">
  <ItemGroup>
    <ClCompile Include="..\SIMDTest.cpp" />
    <ClCompile Include="..\..\..\Effekseer\Effekseer\Effekseer.Matrix44.cpp">
      <Filter>Effekseer</Filter>
    </ClCompile>
    <ClCompile Include="..\..\..\Effekseer\Effekseer\Effekseer.Vector2D.cpp">
      <Filter>Effekseer</Filter>
    </ClCompile>
    <ClCompile Include="..\..\..\Effekseer\Effekseer\Effekseer.Vector3D.cpp">
      <Filter>Effekseer</Filter>
    </ClCompile>
    <ClCompile Include="..\..\..\Effekseer\Effekseer\Effekseer.Matrix43.cpp">
      <Filter>Effekseer</Filter>
    </ClCompile>
    <ClCompile Include="..\..\..\Effekseer\Effekseer\SIMD\Mat43f.cpp">
      <Filter>Effekseer\SIMD</Filter>
    </ClCompile>
    <ClCompile Include="..\..\..\Effekseer\Effekseer\SIMD\Mat44f.cpp">
      <Filter>Effekseer\SIMD</Filter>
    </ClCompile>
    <ClCompile Include="..\..\..\Effekseer\Effekseer\SIMD\Utils.cpp">
      <Filter>Effekseer\SIMD</Filter>
    </ClCompile>
  </ItemGroup>
  <ItemGroup>
    <Filter Include="Effekseer">
      <UniqueIdentifier>{869f8efa-7d9b-43f4-8272-fc58e5ab55ee}</UniqueIdentifier>
    </Filter>
    <Filter Include="Effekseer\SIMD">
      <UniqueIdentifier>{a445e153-1707-42d1-9acf-d06541f878fc}</UniqueIdentifier>
    </Filter>
  </ItemGroup>
  <ItemGroup>
    <ClInclude Include="..\..\..\Effekseer\Effekseer\Effekseer.Matrix43.h">
      <Filter>Effekseer</Filter>
    </ClInclude>
    <ClInclude Include="..\..\..\Effekseer\Effekseer\Effekseer.Matrix44.h">
      <Filter>Effekseer</Filter>
    </ClInclude>
    <ClInclude Include="..\..\..\Effekseer\Effekseer\Effekseer.Vector2D.h">
      <Filter>Effekseer</Filter>
    </ClInclude>
    <ClInclude Include="..\..\..\Effekseer\Effekseer\Effekseer.Vector3D.h">
      <Filter>Effekseer</Filter>
    </ClInclude>
    <ClInclude Include="..\..\..\Effekseer\Effekseer\Effekseer.Math.h">
      <Filter>Effekseer</Filter>
    </ClInclude>
    <ClInclude Include="..\..\..\Effekseer\Effekseer\SIMD\Bridge_Gen.h">
      <Filter>Effekseer\SIMD</Filter>
    </ClInclude>
    <ClInclude Include="..\..\..\Effekseer\Effekseer\SIMD\Bridge_NEON.h">
      <Filter>Effekseer\SIMD</Filter>
    </ClInclude>
    <ClInclude Include="..\..\..\Effekseer\Effekseer\SIMD\Bridge_SSE.h">
      <Filter>Effekseer\SIMD</Filter>
    </ClInclude>
    <ClInclude Include="..\..\..\Effekseer\Effekseer\SIMD\Float4.h">
      <Filter>Effekseer\SIMD</Filter>
    </ClInclude>
    <ClInclude Include="..\..\..\Effekseer\Effekseer\SIMD\Float4_Gen.h">
      <Filter>Effekseer\SIMD</Filter>
    </ClInclude>
    <ClInclude Include="..\..\..\Effekseer\Effekseer\SIMD\Float4_NEON.h">
      <Filter>Effekseer\SIMD</Filter>
    </ClInclude>
    <ClInclude Include="..\..\..\Effekseer\Effekseer\SIMD\Float4_SSE.h">
      <Filter>Effekseer\SIMD</Filter>
    </ClInclude>
    <ClInclude Include="..\..\..\Effekseer\Effekseer\SIMD\Int4.h">
      <Filter>Effekseer\SIMD</Filter>
    </ClInclude>
    <ClInclude Include="..\..\..\Effekseer\Effekseer\SIMD\Int4_Gen.h">
      <Filter>Effekseer\SIMD</Filter>
    </ClInclude>
    <ClInclude Include="..\..\..\Effekseer\Effekseer\SIMD\Int4_NEON.h">
      <Filter>Effekseer\SIMD</Filter>
    </ClInclude>
    <ClInclude Include="..\..\..\Effekseer\Effekseer\SIMD\Int4_SSE.h">
      <Filter>Effekseer\SIMD</Filter>
    </ClInclude>
    <ClInclude Include="..\..\..\Effekseer\Effekseer\SIMD\Mat43f.h">
      <Filter>Effekseer\SIMD</Filter>
    </ClInclude>
    <ClInclude Include="..\..\..\Effekseer\Effekseer\SIMD\Mat44f.h">
      <Filter>Effekseer\SIMD</Filter>
    </ClInclude>
    <ClInclude Include="..\..\..\Effekseer\Effekseer\SIMD\Utils.h">
      <Filter>Effekseer\SIMD</Filter>
    </ClInclude>
    <ClInclude Include="..\..\..\Effekseer\Effekseer\SIMD\Vec2f.h">
      <Filter>Effekseer\SIMD</Filter>
    </ClInclude>
    <ClInclude Include="..\..\..\Effekseer\Effekseer\SIMD\Vec3f.h">
      <Filter>Effekseer\SIMD</Filter>
    </ClInclude>
    <ClInclude Include="..\..\..\Effekseer\Effekseer\SIMD\Vec4f.h">
      <Filter>Effekseer\SIMD</Filter>
    </ClInclude>
    <ClInclude Include="..\..\..\Effekseer\Effekseer\SIMD\Base.h">
      <Filter>Effekseer\SIMD</Filter>
    </ClInclude>
    <ClInclude Include="..\..\..\Effekseer\Effekseer\SIMD\Bridge.h">
      <Filter>Effekseer\SIMD</Filter>
    </ClInclude>
  </ItemGroup>
</Project>