<?xml version="1.0" encoding="utf-8"?>
<Project ToolsVersion="4.0" xmlns="http://schemas.microsoft.com/developer/msbuild/2003">
  <ItemGroup>
    <Filter Include="EffekseerRenderer">
      <UniqueIdentifier>{43ddea41-d59a-46da-8052-75fafb38ca6f}</UniqueIdentifier>
    </Filter>
    <Filter Include="EffekseerRendererCommon">
      <UniqueIdentifier>{78d0391b-4390-43ef-b616-5dde6c474cd3}</UniqueIdentifier>
    </Filter>
  </ItemGroup>
  <ItemGroup>
    <ClInclude Include="..\EffekseerRendererCommon\EffekseerRenderer.IndexBufferBase.h">
      <Filter>EffekseerRendererCommon</Filter>
    </ClInclude>
    <ClInclude Include="..\EffekseerRendererCommon\EffekseerRenderer.VertexBufferBase.h">
      <Filter>EffekseerRendererCommon</Filter>
    </ClInclude>
    <ClInclude Include="..\EffekseerRendererCommon\EffekseerRenderer.RibbonRendererBase.h">
      <Filter>EffekseerRendererCommon</Filter>
    </ClInclude>
    <ClInclude Include="..\EffekseerRendererCommon\EffekseerRenderer.TrackRendererBase.h">
      <Filter>EffekseerRendererCommon</Filter>
    </ClInclude>
    <ClInclude Include="..\EffekseerRendererCommon\EffekseerRenderer.RenderStateBase.h">
      <Filter>EffekseerRendererCommon</Filter>
    </ClInclude>
    <ClInclude Include="..\EffekseerRendererCommon\EffekseerRenderer.ModelRendererBase.h">
      <Filter>EffekseerRendererCommon</Filter>
    </ClInclude>
    <ClInclude Include="..\EffekseerRendererCommon\EffekseerRenderer.SpriteRendererBase.h">
      <Filter>EffekseerRendererCommon</Filter>
    </ClInclude>
    <ClInclude Include="..\EffekseerRendererCommon\EffekseerRenderer.RingRendererBase.h">
      <Filter>EffekseerRendererCommon</Filter>
    </ClInclude>
    <ClInclude Include="EffekseerRendererDX11.h" />
    <ClInclude Include="EffekseerRenderer\EffekseerRendererDX11.Base.h">
      <Filter>EffekseerRenderer</Filter>
    </ClInclude>
    <ClInclude Include="EffekseerRenderer\EffekseerRendererDX11.Base.Pre.h">
      <Filter>EffekseerRenderer</Filter>
    </ClInclude>
    <ClInclude Include="EffekseerRenderer\EffekseerRendererDX11.DeviceObject.h">
      <Filter>EffekseerRenderer</Filter>
    </ClInclude>
    <ClInclude Include="EffekseerRenderer\EffekseerRendererDX11.IndexBuffer.h">
      <Filter>EffekseerRenderer</Filter>
    </ClInclude>
    <ClInclude Include="EffekseerRenderer\EffekseerRendererDX11.ModelLoader.h">
      <Filter>EffekseerRenderer</Filter>
    </ClInclude>
    <ClInclude Include="EffekseerRenderer\EffekseerRendererDX11.ModelRenderer.h">
      <Filter>EffekseerRenderer</Filter>
    </ClInclude>
    <ClInclude Include="EffekseerRenderer\EffekseerRendererDX11.Renderer.h">
      <Filter>EffekseerRenderer</Filter>
    </ClInclude>
    <ClInclude Include="EffekseerRenderer\EffekseerRendererDX11.RendererImplemented.h">
      <Filter>EffekseerRenderer</Filter>
    </ClInclude>
    <ClInclude Include="EffekseerRenderer\EffekseerRendererDX11.RenderState.h">
      <Filter>EffekseerRenderer</Filter>
    </ClInclude>
    <ClInclude Include="EffekseerRenderer\EffekseerRendererDX11.Shader.h">
      <Filter>EffekseerRenderer</Filter>
    </ClInclude>
    <ClInclude Include="EffekseerRenderer\EffekseerRendererDX11.TextureLoader.h">
      <Filter>EffekseerRenderer</Filter>
    </ClInclude>
    <ClInclude Include="EffekseerRenderer\EffekseerRendererDX11.VertexBuffer.h">
      <Filter>EffekseerRenderer</Filter>
    </ClInclude>
    <ClInclude Include="..\EffekseerRendererCommon\EffekseerRenderer.Renderer.h">
      <Filter>EffekseerRendererCommon</Filter>
    </ClInclude>
    <ClInclude Include="..\EffekseerRendererCommon\EffekseerRenderer.DXTK.dds.h">
      <Filter>EffekseerRendererCommon</Filter>
    </ClInclude>
    <ClInclude Include="..\EffekseerRendererCommon\EffekseerRenderer.DXTK.DDSTextureLoader.h">
      <Filter>EffekseerRendererCommon</Filter>
    </ClInclude>
    <ClInclude Include="..\EffekseerRendererCommon\EffekseerRenderer.PngTextureLoader.h">
      <Filter>EffekseerRendererCommon</Filter>
    </ClInclude>
    <ClInclude Include="..\EffekseerRendererCommon\EffekseerRenderer.StandardRenderer.h">
      <Filter>EffekseerRendererCommon</Filter>
    </ClInclude>
    <ClInclude Include="..\EffekseerRendererCommon\EffekseerRenderer.DDSTextureLoader.h">
      <Filter>EffekseerRenderer</Filter>
    </ClInclude>
  </ItemGroup>
  <ItemGroup>
    <ClCompile Include="..\EffekseerRendererCommon\EffekseerRenderer.VertexBufferBase.cpp">
      <Filter>EffekseerRendererCommon</Filter>
    </ClCompile>
    <ClCompile Include="..\EffekseerRendererCommon\EffekseerRenderer.IndexBufferBase.cpp">
      <Filter>EffekseerRendererCommon</Filter>
    </ClCompile>
    <ClCompile Include="..\EffekseerRendererCommon\EffekseerRenderer.RibbonRendererBase.cpp">
      <Filter>EffekseerRendererCommon</Filter>
    </ClCompile>
    <ClCompile Include="..\EffekseerRendererCommon\EffekseerRenderer.TrackRendererBase.cpp">
      <Filter>EffekseerRendererCommon</Filter>
    </ClCompile>
    <ClCompile Include="..\EffekseerRendererCommon\EffekseerRenderer.RenderStateBase.cpp">
      <Filter>EffekseerRendererCommon</Filter>
    </ClCompile>
    <ClCompile Include="..\EffekseerRendererCommon\EffekseerRenderer.ModelRendererBase.cpp">
      <Filter>EffekseerRendererCommon</Filter>
    </ClCompile>
    <ClCompile Include="..\EffekseerRendererCommon\EffekseerRenderer.SpriteRendererBase.cpp">
      <Filter>EffekseerRendererCommon</Filter>
    </ClCompile>
    <ClCompile Include="..\EffekseerRendererCommon\EffekseerRenderer.RingRendererBase.cpp">
      <Filter>EffekseerRendererCommon</Filter>
    </ClCompile>
    <ClCompile Include="EffekseerRenderer\EffekseerRendererDX11.DeviceObject.cpp">
      <Filter>EffekseerRenderer</Filter>
    </ClCompile>
    <ClCompile Include="EffekseerRenderer\EffekseerRendererDX11.IndexBuffer.cpp">
      <Filter>EffekseerRenderer</Filter>
    </ClCompile>
    <ClCompile Include="EffekseerRenderer\EffekseerRendererDX11.ModelLoader.cpp">
      <Filter>EffekseerRenderer</Filter>
    </ClCompile>
    <ClCompile Include="EffekseerRenderer\EffekseerRendererDX11.ModelRenderer.cpp">
      <Filter>EffekseerRenderer</Filter>
    </ClCompile>
    <ClCompile Include="EffekseerRenderer\EffekseerRendererDX11.Renderer.cpp">
      <Filter>EffekseerRenderer</Filter>
    </ClCompile>
    <ClCompile Include="EffekseerRenderer\EffekseerRendererDX11.RenderState.cpp">
      <Filter>EffekseerRenderer</Filter>
    </ClCompile>
    <ClCompile Include="EffekseerRenderer\EffekseerRendererDX11.Shader.cpp">
      <Filter>EffekseerRenderer</Filter>
    </ClCompile>
    <ClCompile Include="EffekseerRenderer\EffekseerRendererDX11.TextureLoader.cpp">
      <Filter>EffekseerRenderer</Filter>
    </ClCompile>
    <ClCompile Include="EffekseerRenderer\EffekseerRendererDX11.VertexBuffer.cpp">
      <Filter>EffekseerRenderer</Filter>
    </ClCompile>
    <ClCompile Include="..\EffekseerRendererCommon\EffekseerRenderer.Renderer.cpp">
      <Filter>EffekseerRendererCommon</Filter>
    </ClCompile>
    <ClCompile Include="..\EffekseerRendererCommon\EffekseerRenderer.DXTK.DDSTextureLoader.cpp">
      <Filter>EffekseerRendererCommon</Filter>
    </ClCompile>
    <ClCompile Include="..\EffekseerRendererCommon\EffekseerRenderer.PngTextureLoader.cpp">
      <Filter>EffekseerRendererCommon</Filter>
    </ClCompile>
    <ClCompile Include="..\EffekseerRendererCommon\EffekseerRenderer.DDSTextureLoader.cpp">
      <Filter>EffekseerRenderer</Filter>
    </ClCompile>
  </ItemGroup>
</Project>